
Microsoft Visual Studio Solution File, Format Version 12.00
# Visual Studio 15
VisualStudioVersion = 15.0.27703.2035
MinimumVisualStudioVersion = 10.0.40219.1
Project("{9A19103F-16F7-4668-BE54-9A1E7A4F7556}") = "DerbyJson", "DerbyJson\DerbyJson.csproj", "{191AE099-7D99-4635-859D-052D0EE31450}"
EndProject
Project("{9A19103F-16F7-4668-BE54-9A1E7A4F7556}") = "DerbyJson.Tests", "DerbyJson.Tests\DerbyJson.Tests.csproj", "{E41318DE-B23C-4081-97CB-B8F9BC1C53D3}"
EndProject
Project("{9A19103F-16F7-4668-BE54-9A1E7A4F7556}") = "DerbyTracker.Common", "DerbyTracker.Common\DerbyTracker.Common.csproj", "{3E74102F-F0D5-4097-A3C6-5D76E7024857}"
EndProject
Project("{9A19103F-16F7-4668-BE54-9A1E7A4F7556}") = "DerbyTracker.Master", "DerbyTracker.Master\DerbyTracker.Master.csproj", "{35031F69-483C-47DC-8752-EAD62556B22C}"
EndProject
Project("{262852C6-CD72-467D-83FE-5EEB1973A190}") = "DerbyTracker.Node", "DerbyTracker.Node\DerbyTracker.Node.jsproj", "{7EE4678A-3D7B-4301-B10D-21AB1B0A4454}"
EndProject
Project("{9A19103F-16F7-4668-BE54-9A1E7A4F7556}") = "DerbyTracker.Master.Tests", "DerbyTracker.Master.Tests\DerbyTracker.Master.Tests.csproj", "{43FACF9C-03F7-4A28-8930-BBB27D959447}"
EndProject
Project("{9A19103F-16F7-4668-BE54-9A1E7A4F7556}") = "DerbyTracker.Common.Tests", "DerbyTracker.Common.Tests\DerbyTracker.Common.Tests.csproj", "{F4D6DBA8-0C7F-461E-9BE4-6A4E803424AC}"
EndProject
Project("{9A19103F-16F7-4668-BE54-9A1E7A4F7556}") = "DerbyTracker.Messaging", "DerbyTracker.Messaging\DerbyTracker.Messaging.csproj", "{15BA23C7-6434-4712-A6A9-4B2E0701A266}"
EndProject
Global
	GlobalSection(SolutionConfigurationPlatforms) = preSolution
		Ad-Hoc|Android = Ad-Hoc|Android
		Ad-Hoc|Any CPU = Ad-Hoc|Any CPU
		Ad-Hoc|ARM = Ad-Hoc|ARM
		Ad-Hoc|iOS = Ad-Hoc|iOS
		Ad-Hoc|iPhone = Ad-Hoc|iPhone
		Ad-Hoc|iPhoneSimulator = Ad-Hoc|iPhoneSimulator
		Ad-Hoc|Windows-ARM = Ad-Hoc|Windows-ARM
		Ad-Hoc|Windows-x64 = Ad-Hoc|Windows-x64
		Ad-Hoc|Windows-x86 = Ad-Hoc|Windows-x86
		Ad-Hoc|x64 = Ad-Hoc|x64
		Ad-Hoc|x86 = Ad-Hoc|x86
		AppStore|Android = AppStore|Android
		AppStore|Any CPU = AppStore|Any CPU
		AppStore|ARM = AppStore|ARM
		AppStore|iOS = AppStore|iOS
		AppStore|iPhone = AppStore|iPhone
		AppStore|iPhoneSimulator = AppStore|iPhoneSimulator
		AppStore|Windows-ARM = AppStore|Windows-ARM
		AppStore|Windows-x64 = AppStore|Windows-x64
		AppStore|Windows-x86 = AppStore|Windows-x86
		AppStore|x64 = AppStore|x64
		AppStore|x86 = AppStore|x86
		Debug|Android = Debug|Android
		Debug|Any CPU = Debug|Any CPU
		Debug|ARM = Debug|ARM
		Debug|iOS = Debug|iOS
		Debug|iPhone = Debug|iPhone
		Debug|iPhoneSimulator = Debug|iPhoneSimulator
		Debug|Windows-ARM = Debug|Windows-ARM
		Debug|Windows-x64 = Debug|Windows-x64
		Debug|Windows-x86 = Debug|Windows-x86
		Debug|x64 = Debug|x64
		Debug|x86 = Debug|x86
		Release|Android = Release|Android
		Release|Any CPU = Release|Any CPU
		Release|ARM = Release|ARM
		Release|iOS = Release|iOS
		Release|iPhone = Release|iPhone
		Release|iPhoneSimulator = Release|iPhoneSimulator
		Release|Windows-ARM = Release|Windows-ARM
		Release|Windows-x64 = Release|Windows-x64
		Release|Windows-x86 = Release|Windows-x86
		Release|x64 = Release|x64
		Release|x86 = Release|x86
	EndGlobalSection
	GlobalSection(ProjectConfigurationPlatforms) = postSolution
		{191AE099-7D99-4635-859D-052D0EE31450}.Ad-Hoc|Android.ActiveCfg = Release|Any CPU
		{191AE099-7D99-4635-859D-052D0EE31450}.Ad-Hoc|Android.Build.0 = Release|Any CPU
		{191AE099-7D99-4635-859D-052D0EE31450}.Ad-Hoc|Any CPU.ActiveCfg = Release|Any CPU
		{191AE099-7D99-4635-859D-052D0EE31450}.Ad-Hoc|Any CPU.Build.0 = Release|Any CPU
		{191AE099-7D99-4635-859D-052D0EE31450}.Ad-Hoc|ARM.ActiveCfg = Release|Any CPU
		{191AE099-7D99-4635-859D-052D0EE31450}.Ad-Hoc|ARM.Build.0 = Release|Any CPU
		{191AE099-7D99-4635-859D-052D0EE31450}.Ad-Hoc|iOS.ActiveCfg = Release|Any CPU
		{191AE099-7D99-4635-859D-052D0EE31450}.Ad-Hoc|iOS.Build.0 = Release|Any CPU
		{191AE099-7D99-4635-859D-052D0EE31450}.Ad-Hoc|iPhone.ActiveCfg = Release|Any CPU
		{191AE099-7D99-4635-859D-052D0EE31450}.Ad-Hoc|iPhone.Build.0 = Release|Any CPU
		{191AE099-7D99-4635-859D-052D0EE31450}.Ad-Hoc|iPhoneSimulator.ActiveCfg = Release|Any CPU
		{191AE099-7D99-4635-859D-052D0EE31450}.Ad-Hoc|iPhoneSimulator.Build.0 = Release|Any CPU
		{191AE099-7D99-4635-859D-052D0EE31450}.Ad-Hoc|Windows-ARM.ActiveCfg = Release|Any CPU
		{191AE099-7D99-4635-859D-052D0EE31450}.Ad-Hoc|Windows-ARM.Build.0 = Release|Any CPU
		{191AE099-7D99-4635-859D-052D0EE31450}.Ad-Hoc|Windows-x64.ActiveCfg = Release|Any CPU
		{191AE099-7D99-4635-859D-052D0EE31450}.Ad-Hoc|Windows-x64.Build.0 = Release|Any CPU
		{191AE099-7D99-4635-859D-052D0EE31450}.Ad-Hoc|Windows-x86.ActiveCfg = Release|Any CPU
		{191AE099-7D99-4635-859D-052D0EE31450}.Ad-Hoc|Windows-x86.Build.0 = Release|Any CPU
		{191AE099-7D99-4635-859D-052D0EE31450}.Ad-Hoc|x64.ActiveCfg = Release|Any CPU
		{191AE099-7D99-4635-859D-052D0EE31450}.Ad-Hoc|x64.Build.0 = Release|Any CPU
		{191AE099-7D99-4635-859D-052D0EE31450}.Ad-Hoc|x86.ActiveCfg = Release|Any CPU
		{191AE099-7D99-4635-859D-052D0EE31450}.Ad-Hoc|x86.Build.0 = Release|Any CPU
		{191AE099-7D99-4635-859D-052D0EE31450}.AppStore|Android.ActiveCfg = Release|Any CPU
		{191AE099-7D99-4635-859D-052D0EE31450}.AppStore|Android.Build.0 = Release|Any CPU
		{191AE099-7D99-4635-859D-052D0EE31450}.AppStore|Any CPU.ActiveCfg = Release|Any CPU
		{191AE099-7D99-4635-859D-052D0EE31450}.AppStore|Any CPU.Build.0 = Release|Any CPU
		{191AE099-7D99-4635-859D-052D0EE31450}.AppStore|ARM.ActiveCfg = Release|Any CPU
		{191AE099-7D99-4635-859D-052D0EE31450}.AppStore|ARM.Build.0 = Release|Any CPU
		{191AE099-7D99-4635-859D-052D0EE31450}.AppStore|iOS.ActiveCfg = Release|Any CPU
		{191AE099-7D99-4635-859D-052D0EE31450}.AppStore|iOS.Build.0 = Release|Any CPU
		{191AE099-7D99-4635-859D-052D0EE31450}.AppStore|iPhone.ActiveCfg = Release|Any CPU
		{191AE099-7D99-4635-859D-052D0EE31450}.AppStore|iPhone.Build.0 = Release|Any CPU
		{191AE099-7D99-4635-859D-052D0EE31450}.AppStore|iPhoneSimulator.ActiveCfg = Release|Any CPU
		{191AE099-7D99-4635-859D-052D0EE31450}.AppStore|iPhoneSimulator.Build.0 = Release|Any CPU
		{191AE099-7D99-4635-859D-052D0EE31450}.AppStore|Windows-ARM.ActiveCfg = Release|Any CPU
		{191AE099-7D99-4635-859D-052D0EE31450}.AppStore|Windows-ARM.Build.0 = Release|Any CPU
		{191AE099-7D99-4635-859D-052D0EE31450}.AppStore|Windows-x64.ActiveCfg = Release|Any CPU
		{191AE099-7D99-4635-859D-052D0EE31450}.AppStore|Windows-x64.Build.0 = Release|Any CPU
		{191AE099-7D99-4635-859D-052D0EE31450}.AppStore|Windows-x86.ActiveCfg = Release|Any CPU
		{191AE099-7D99-4635-859D-052D0EE31450}.AppStore|Windows-x86.Build.0 = Release|Any CPU
		{191AE099-7D99-4635-859D-052D0EE31450}.AppStore|x64.ActiveCfg = Release|Any CPU
		{191AE099-7D99-4635-859D-052D0EE31450}.AppStore|x64.Build.0 = Release|Any CPU
		{191AE099-7D99-4635-859D-052D0EE31450}.AppStore|x86.ActiveCfg = Release|Any CPU
		{191AE099-7D99-4635-859D-052D0EE31450}.AppStore|x86.Build.0 = Release|Any CPU
		{191AE099-7D99-4635-859D-052D0EE31450}.Debug|Android.ActiveCfg = Debug|Any CPU
		{191AE099-7D99-4635-859D-052D0EE31450}.Debug|Android.Build.0 = Debug|Any CPU
		{191AE099-7D99-4635-859D-052D0EE31450}.Debug|Any CPU.ActiveCfg = Debug|Any CPU
		{191AE099-7D99-4635-859D-052D0EE31450}.Debug|Any CPU.Build.0 = Debug|Any CPU
		{191AE099-7D99-4635-859D-052D0EE31450}.Debug|ARM.ActiveCfg = Debug|Any CPU
		{191AE099-7D99-4635-859D-052D0EE31450}.Debug|ARM.Build.0 = Debug|Any CPU
		{191AE099-7D99-4635-859D-052D0EE31450}.Debug|iOS.ActiveCfg = Debug|Any CPU
		{191AE099-7D99-4635-859D-052D0EE31450}.Debug|iOS.Build.0 = Debug|Any CPU
		{191AE099-7D99-4635-859D-052D0EE31450}.Debug|iPhone.ActiveCfg = Debug|Any CPU
		{191AE099-7D99-4635-859D-052D0EE31450}.Debug|iPhone.Build.0 = Debug|Any CPU
		{191AE099-7D99-4635-859D-052D0EE31450}.Debug|iPhoneSimulator.ActiveCfg = Debug|Any CPU
		{191AE099-7D99-4635-859D-052D0EE31450}.Debug|iPhoneSimulator.Build.0 = Debug|Any CPU
		{191AE099-7D99-4635-859D-052D0EE31450}.Debug|Windows-ARM.ActiveCfg = Debug|Any CPU
		{191AE099-7D99-4635-859D-052D0EE31450}.Debug|Windows-ARM.Build.0 = Debug|Any CPU
		{191AE099-7D99-4635-859D-052D0EE31450}.Debug|Windows-x64.ActiveCfg = Debug|Any CPU
		{191AE099-7D99-4635-859D-052D0EE31450}.Debug|Windows-x64.Build.0 = Debug|Any CPU
		{191AE099-7D99-4635-859D-052D0EE31450}.Debug|Windows-x86.ActiveCfg = Debug|Any CPU
		{191AE099-7D99-4635-859D-052D0EE31450}.Debug|Windows-x86.Build.0 = Debug|Any CPU
		{191AE099-7D99-4635-859D-052D0EE31450}.Debug|x64.ActiveCfg = Debug|Any CPU
		{191AE099-7D99-4635-859D-052D0EE31450}.Debug|x64.Build.0 = Debug|Any CPU
		{191AE099-7D99-4635-859D-052D0EE31450}.Debug|x86.ActiveCfg = Debug|Any CPU
		{191AE099-7D99-4635-859D-052D0EE31450}.Debug|x86.Build.0 = Debug|Any CPU
		{191AE099-7D99-4635-859D-052D0EE31450}.Release|Android.ActiveCfg = Release|Any CPU
		{191AE099-7D99-4635-859D-052D0EE31450}.Release|Android.Build.0 = Release|Any CPU
		{191AE099-7D99-4635-859D-052D0EE31450}.Release|Any CPU.ActiveCfg = Release|Any CPU
		{191AE099-7D99-4635-859D-052D0EE31450}.Release|Any CPU.Build.0 = Release|Any CPU
		{191AE099-7D99-4635-859D-052D0EE31450}.Release|ARM.ActiveCfg = Release|Any CPU
		{191AE099-7D99-4635-859D-052D0EE31450}.Release|ARM.Build.0 = Release|Any CPU
		{191AE099-7D99-4635-859D-052D0EE31450}.Release|iOS.ActiveCfg = Release|Any CPU
		{191AE099-7D99-4635-859D-052D0EE31450}.Release|iOS.Build.0 = Release|Any CPU
		{191AE099-7D99-4635-859D-052D0EE31450}.Release|iPhone.ActiveCfg = Release|Any CPU
		{191AE099-7D99-4635-859D-052D0EE31450}.Release|iPhone.Build.0 = Release|Any CPU
		{191AE099-7D99-4635-859D-052D0EE31450}.Release|iPhoneSimulator.ActiveCfg = Release|Any CPU
		{191AE099-7D99-4635-859D-052D0EE31450}.Release|iPhoneSimulator.Build.0 = Release|Any CPU
		{191AE099-7D99-4635-859D-052D0EE31450}.Release|Windows-ARM.ActiveCfg = Release|Any CPU
		{191AE099-7D99-4635-859D-052D0EE31450}.Release|Windows-ARM.Build.0 = Release|Any CPU
		{191AE099-7D99-4635-859D-052D0EE31450}.Release|Windows-x64.ActiveCfg = Release|Any CPU
		{191AE099-7D99-4635-859D-052D0EE31450}.Release|Windows-x64.Build.0 = Release|Any CPU
		{191AE099-7D99-4635-859D-052D0EE31450}.Release|Windows-x86.ActiveCfg = Release|Any CPU
		{191AE099-7D99-4635-859D-052D0EE31450}.Release|Windows-x86.Build.0 = Release|Any CPU
		{191AE099-7D99-4635-859D-052D0EE31450}.Release|x64.ActiveCfg = Release|Any CPU
		{191AE099-7D99-4635-859D-052D0EE31450}.Release|x64.Build.0 = Release|Any CPU
		{191AE099-7D99-4635-859D-052D0EE31450}.Release|x86.ActiveCfg = Release|Any CPU
		{191AE099-7D99-4635-859D-052D0EE31450}.Release|x86.Build.0 = Release|Any CPU
		{E41318DE-B23C-4081-97CB-B8F9BC1C53D3}.Ad-Hoc|Android.ActiveCfg = Release|Any CPU
		{E41318DE-B23C-4081-97CB-B8F9BC1C53D3}.Ad-Hoc|Android.Build.0 = Release|Any CPU
		{E41318DE-B23C-4081-97CB-B8F9BC1C53D3}.Ad-Hoc|Any CPU.ActiveCfg = Release|Any CPU
		{E41318DE-B23C-4081-97CB-B8F9BC1C53D3}.Ad-Hoc|Any CPU.Build.0 = Release|Any CPU
		{E41318DE-B23C-4081-97CB-B8F9BC1C53D3}.Ad-Hoc|ARM.ActiveCfg = Release|Any CPU
		{E41318DE-B23C-4081-97CB-B8F9BC1C53D3}.Ad-Hoc|ARM.Build.0 = Release|Any CPU
		{E41318DE-B23C-4081-97CB-B8F9BC1C53D3}.Ad-Hoc|iOS.ActiveCfg = Release|Any CPU
		{E41318DE-B23C-4081-97CB-B8F9BC1C53D3}.Ad-Hoc|iOS.Build.0 = Release|Any CPU
		{E41318DE-B23C-4081-97CB-B8F9BC1C53D3}.Ad-Hoc|iPhone.ActiveCfg = Release|Any CPU
		{E41318DE-B23C-4081-97CB-B8F9BC1C53D3}.Ad-Hoc|iPhone.Build.0 = Release|Any CPU
		{E41318DE-B23C-4081-97CB-B8F9BC1C53D3}.Ad-Hoc|iPhoneSimulator.ActiveCfg = Release|Any CPU
		{E41318DE-B23C-4081-97CB-B8F9BC1C53D3}.Ad-Hoc|iPhoneSimulator.Build.0 = Release|Any CPU
		{E41318DE-B23C-4081-97CB-B8F9BC1C53D3}.Ad-Hoc|Windows-ARM.ActiveCfg = Release|Any CPU
		{E41318DE-B23C-4081-97CB-B8F9BC1C53D3}.Ad-Hoc|Windows-ARM.Build.0 = Release|Any CPU
		{E41318DE-B23C-4081-97CB-B8F9BC1C53D3}.Ad-Hoc|Windows-x64.ActiveCfg = Release|Any CPU
		{E41318DE-B23C-4081-97CB-B8F9BC1C53D3}.Ad-Hoc|Windows-x64.Build.0 = Release|Any CPU
		{E41318DE-B23C-4081-97CB-B8F9BC1C53D3}.Ad-Hoc|Windows-x86.ActiveCfg = Release|Any CPU
		{E41318DE-B23C-4081-97CB-B8F9BC1C53D3}.Ad-Hoc|Windows-x86.Build.0 = Release|Any CPU
		{E41318DE-B23C-4081-97CB-B8F9BC1C53D3}.Ad-Hoc|x64.ActiveCfg = Release|Any CPU
		{E41318DE-B23C-4081-97CB-B8F9BC1C53D3}.Ad-Hoc|x64.Build.0 = Release|Any CPU
		{E41318DE-B23C-4081-97CB-B8F9BC1C53D3}.Ad-Hoc|x86.ActiveCfg = Release|Any CPU
		{E41318DE-B23C-4081-97CB-B8F9BC1C53D3}.Ad-Hoc|x86.Build.0 = Release|Any CPU
		{E41318DE-B23C-4081-97CB-B8F9BC1C53D3}.AppStore|Android.ActiveCfg = Release|Any CPU
		{E41318DE-B23C-4081-97CB-B8F9BC1C53D3}.AppStore|Android.Build.0 = Release|Any CPU
		{E41318DE-B23C-4081-97CB-B8F9BC1C53D3}.AppStore|Any CPU.ActiveCfg = Release|Any CPU
		{E41318DE-B23C-4081-97CB-B8F9BC1C53D3}.AppStore|Any CPU.Build.0 = Release|Any CPU
		{E41318DE-B23C-4081-97CB-B8F9BC1C53D3}.AppStore|ARM.ActiveCfg = Release|Any CPU
		{E41318DE-B23C-4081-97CB-B8F9BC1C53D3}.AppStore|ARM.Build.0 = Release|Any CPU
		{E41318DE-B23C-4081-97CB-B8F9BC1C53D3}.AppStore|iOS.ActiveCfg = Release|Any CPU
		{E41318DE-B23C-4081-97CB-B8F9BC1C53D3}.AppStore|iOS.Build.0 = Release|Any CPU
		{E41318DE-B23C-4081-97CB-B8F9BC1C53D3}.AppStore|iPhone.ActiveCfg = Release|Any CPU
		{E41318DE-B23C-4081-97CB-B8F9BC1C53D3}.AppStore|iPhone.Build.0 = Release|Any CPU
		{E41318DE-B23C-4081-97CB-B8F9BC1C53D3}.AppStore|iPhoneSimulator.ActiveCfg = Release|Any CPU
		{E41318DE-B23C-4081-97CB-B8F9BC1C53D3}.AppStore|iPhoneSimulator.Build.0 = Release|Any CPU
		{E41318DE-B23C-4081-97CB-B8F9BC1C53D3}.AppStore|Windows-ARM.ActiveCfg = Release|Any CPU
		{E41318DE-B23C-4081-97CB-B8F9BC1C53D3}.AppStore|Windows-ARM.Build.0 = Release|Any CPU
		{E41318DE-B23C-4081-97CB-B8F9BC1C53D3}.AppStore|Windows-x64.ActiveCfg = Release|Any CPU
		{E41318DE-B23C-4081-97CB-B8F9BC1C53D3}.AppStore|Windows-x64.Build.0 = Release|Any CPU
		{E41318DE-B23C-4081-97CB-B8F9BC1C53D3}.AppStore|Windows-x86.ActiveCfg = Release|Any CPU
		{E41318DE-B23C-4081-97CB-B8F9BC1C53D3}.AppStore|Windows-x86.Build.0 = Release|Any CPU
		{E41318DE-B23C-4081-97CB-B8F9BC1C53D3}.AppStore|x64.ActiveCfg = Release|Any CPU
		{E41318DE-B23C-4081-97CB-B8F9BC1C53D3}.AppStore|x64.Build.0 = Release|Any CPU
		{E41318DE-B23C-4081-97CB-B8F9BC1C53D3}.AppStore|x86.ActiveCfg = Release|Any CPU
		{E41318DE-B23C-4081-97CB-B8F9BC1C53D3}.AppStore|x86.Build.0 = Release|Any CPU
		{E41318DE-B23C-4081-97CB-B8F9BC1C53D3}.Debug|Android.ActiveCfg = Debug|Any CPU
		{E41318DE-B23C-4081-97CB-B8F9BC1C53D3}.Debug|Android.Build.0 = Debug|Any CPU
		{E41318DE-B23C-4081-97CB-B8F9BC1C53D3}.Debug|Any CPU.ActiveCfg = Debug|Any CPU
		{E41318DE-B23C-4081-97CB-B8F9BC1C53D3}.Debug|Any CPU.Build.0 = Debug|Any CPU
		{E41318DE-B23C-4081-97CB-B8F9BC1C53D3}.Debug|ARM.ActiveCfg = Debug|Any CPU
		{E41318DE-B23C-4081-97CB-B8F9BC1C53D3}.Debug|ARM.Build.0 = Debug|Any CPU
		{E41318DE-B23C-4081-97CB-B8F9BC1C53D3}.Debug|iOS.ActiveCfg = Debug|Any CPU
		{E41318DE-B23C-4081-97CB-B8F9BC1C53D3}.Debug|iOS.Build.0 = Debug|Any CPU
		{E41318DE-B23C-4081-97CB-B8F9BC1C53D3}.Debug|iPhone.ActiveCfg = Debug|Any CPU
		{E41318DE-B23C-4081-97CB-B8F9BC1C53D3}.Debug|iPhone.Build.0 = Debug|Any CPU
		{E41318DE-B23C-4081-97CB-B8F9BC1C53D3}.Debug|iPhoneSimulator.ActiveCfg = Debug|Any CPU
		{E41318DE-B23C-4081-97CB-B8F9BC1C53D3}.Debug|iPhoneSimulator.Build.0 = Debug|Any CPU
		{E41318DE-B23C-4081-97CB-B8F9BC1C53D3}.Debug|Windows-ARM.ActiveCfg = Debug|Any CPU
		{E41318DE-B23C-4081-97CB-B8F9BC1C53D3}.Debug|Windows-ARM.Build.0 = Debug|Any CPU
		{E41318DE-B23C-4081-97CB-B8F9BC1C53D3}.Debug|Windows-x64.ActiveCfg = Debug|Any CPU
		{E41318DE-B23C-4081-97CB-B8F9BC1C53D3}.Debug|Windows-x64.Build.0 = Debug|Any CPU
		{E41318DE-B23C-4081-97CB-B8F9BC1C53D3}.Debug|Windows-x86.ActiveCfg = Debug|Any CPU
		{E41318DE-B23C-4081-97CB-B8F9BC1C53D3}.Debug|Windows-x86.Build.0 = Debug|Any CPU
		{E41318DE-B23C-4081-97CB-B8F9BC1C53D3}.Debug|x64.ActiveCfg = Debug|Any CPU
		{E41318DE-B23C-4081-97CB-B8F9BC1C53D3}.Debug|x64.Build.0 = Debug|Any CPU
		{E41318DE-B23C-4081-97CB-B8F9BC1C53D3}.Debug|x86.ActiveCfg = Debug|Any CPU
		{E41318DE-B23C-4081-97CB-B8F9BC1C53D3}.Debug|x86.Build.0 = Debug|Any CPU
		{E41318DE-B23C-4081-97CB-B8F9BC1C53D3}.Release|Android.ActiveCfg = Release|Any CPU
		{E41318DE-B23C-4081-97CB-B8F9BC1C53D3}.Release|Android.Build.0 = Release|Any CPU
		{E41318DE-B23C-4081-97CB-B8F9BC1C53D3}.Release|Any CPU.ActiveCfg = Release|Any CPU
		{E41318DE-B23C-4081-97CB-B8F9BC1C53D3}.Release|Any CPU.Build.0 = Release|Any CPU
		{E41318DE-B23C-4081-97CB-B8F9BC1C53D3}.Release|ARM.ActiveCfg = Release|Any CPU
		{E41318DE-B23C-4081-97CB-B8F9BC1C53D3}.Release|ARM.Build.0 = Release|Any CPU
		{E41318DE-B23C-4081-97CB-B8F9BC1C53D3}.Release|iOS.ActiveCfg = Release|Any CPU
		{E41318DE-B23C-4081-97CB-B8F9BC1C53D3}.Release|iOS.Build.0 = Release|Any CPU
		{E41318DE-B23C-4081-97CB-B8F9BC1C53D3}.Release|iPhone.ActiveCfg = Release|Any CPU
		{E41318DE-B23C-4081-97CB-B8F9BC1C53D3}.Release|iPhone.Build.0 = Release|Any CPU
		{E41318DE-B23C-4081-97CB-B8F9BC1C53D3}.Release|iPhoneSimulator.ActiveCfg = Release|Any CPU
		{E41318DE-B23C-4081-97CB-B8F9BC1C53D3}.Release|iPhoneSimulator.Build.0 = Release|Any CPU
		{E41318DE-B23C-4081-97CB-B8F9BC1C53D3}.Release|Windows-ARM.ActiveCfg = Release|Any CPU
		{E41318DE-B23C-4081-97CB-B8F9BC1C53D3}.Release|Windows-ARM.Build.0 = Release|Any CPU
		{E41318DE-B23C-4081-97CB-B8F9BC1C53D3}.Release|Windows-x64.ActiveCfg = Release|Any CPU
		{E41318DE-B23C-4081-97CB-B8F9BC1C53D3}.Release|Windows-x64.Build.0 = Release|Any CPU
		{E41318DE-B23C-4081-97CB-B8F9BC1C53D3}.Release|Windows-x86.ActiveCfg = Release|Any CPU
		{E41318DE-B23C-4081-97CB-B8F9BC1C53D3}.Release|Windows-x86.Build.0 = Release|Any CPU
		{E41318DE-B23C-4081-97CB-B8F9BC1C53D3}.Release|x64.ActiveCfg = Release|Any CPU
		{E41318DE-B23C-4081-97CB-B8F9BC1C53D3}.Release|x64.Build.0 = Release|Any CPU
		{E41318DE-B23C-4081-97CB-B8F9BC1C53D3}.Release|x86.ActiveCfg = Release|Any CPU
		{E41318DE-B23C-4081-97CB-B8F9BC1C53D3}.Release|x86.Build.0 = Release|Any CPU
		{3E74102F-F0D5-4097-A3C6-5D76E7024857}.Ad-Hoc|Android.ActiveCfg = Release|Any CPU
		{3E74102F-F0D5-4097-A3C6-5D76E7024857}.Ad-Hoc|Android.Build.0 = Release|Any CPU
		{3E74102F-F0D5-4097-A3C6-5D76E7024857}.Ad-Hoc|Any CPU.ActiveCfg = Release|Any CPU
		{3E74102F-F0D5-4097-A3C6-5D76E7024857}.Ad-Hoc|Any CPU.Build.0 = Release|Any CPU
		{3E74102F-F0D5-4097-A3C6-5D76E7024857}.Ad-Hoc|ARM.ActiveCfg = Release|Any CPU
		{3E74102F-F0D5-4097-A3C6-5D76E7024857}.Ad-Hoc|ARM.Build.0 = Release|Any CPU
		{3E74102F-F0D5-4097-A3C6-5D76E7024857}.Ad-Hoc|iOS.ActiveCfg = Release|Any CPU
		{3E74102F-F0D5-4097-A3C6-5D76E7024857}.Ad-Hoc|iOS.Build.0 = Release|Any CPU
		{3E74102F-F0D5-4097-A3C6-5D76E7024857}.Ad-Hoc|iPhone.ActiveCfg = Release|Any CPU
		{3E74102F-F0D5-4097-A3C6-5D76E7024857}.Ad-Hoc|iPhone.Build.0 = Release|Any CPU
		{3E74102F-F0D5-4097-A3C6-5D76E7024857}.Ad-Hoc|iPhoneSimulator.ActiveCfg = Release|Any CPU
		{3E74102F-F0D5-4097-A3C6-5D76E7024857}.Ad-Hoc|iPhoneSimulator.Build.0 = Release|Any CPU
		{3E74102F-F0D5-4097-A3C6-5D76E7024857}.Ad-Hoc|Windows-ARM.ActiveCfg = Release|Any CPU
		{3E74102F-F0D5-4097-A3C6-5D76E7024857}.Ad-Hoc|Windows-ARM.Build.0 = Release|Any CPU
		{3E74102F-F0D5-4097-A3C6-5D76E7024857}.Ad-Hoc|Windows-x64.ActiveCfg = Release|Any CPU
		{3E74102F-F0D5-4097-A3C6-5D76E7024857}.Ad-Hoc|Windows-x64.Build.0 = Release|Any CPU
		{3E74102F-F0D5-4097-A3C6-5D76E7024857}.Ad-Hoc|Windows-x86.ActiveCfg = Release|Any CPU
		{3E74102F-F0D5-4097-A3C6-5D76E7024857}.Ad-Hoc|Windows-x86.Build.0 = Release|Any CPU
		{3E74102F-F0D5-4097-A3C6-5D76E7024857}.Ad-Hoc|x64.ActiveCfg = Release|Any CPU
		{3E74102F-F0D5-4097-A3C6-5D76E7024857}.Ad-Hoc|x64.Build.0 = Release|Any CPU
		{3E74102F-F0D5-4097-A3C6-5D76E7024857}.Ad-Hoc|x86.ActiveCfg = Release|Any CPU
		{3E74102F-F0D5-4097-A3C6-5D76E7024857}.Ad-Hoc|x86.Build.0 = Release|Any CPU
		{3E74102F-F0D5-4097-A3C6-5D76E7024857}.AppStore|Android.ActiveCfg = Release|Any CPU
		{3E74102F-F0D5-4097-A3C6-5D76E7024857}.AppStore|Android.Build.0 = Release|Any CPU
		{3E74102F-F0D5-4097-A3C6-5D76E7024857}.AppStore|Any CPU.ActiveCfg = Release|Any CPU
		{3E74102F-F0D5-4097-A3C6-5D76E7024857}.AppStore|Any CPU.Build.0 = Release|Any CPU
		{3E74102F-F0D5-4097-A3C6-5D76E7024857}.AppStore|ARM.ActiveCfg = Release|Any CPU
		{3E74102F-F0D5-4097-A3C6-5D76E7024857}.AppStore|ARM.Build.0 = Release|Any CPU
		{3E74102F-F0D5-4097-A3C6-5D76E7024857}.AppStore|iOS.ActiveCfg = Release|Any CPU
		{3E74102F-F0D5-4097-A3C6-5D76E7024857}.AppStore|iOS.Build.0 = Release|Any CPU
		{3E74102F-F0D5-4097-A3C6-5D76E7024857}.AppStore|iPhone.ActiveCfg = Release|Any CPU
		{3E74102F-F0D5-4097-A3C6-5D76E7024857}.AppStore|iPhone.Build.0 = Release|Any CPU
		{3E74102F-F0D5-4097-A3C6-5D76E7024857}.AppStore|iPhoneSimulator.ActiveCfg = Release|Any CPU
		{3E74102F-F0D5-4097-A3C6-5D76E7024857}.AppStore|iPhoneSimulator.Build.0 = Release|Any CPU
		{3E74102F-F0D5-4097-A3C6-5D76E7024857}.AppStore|Windows-ARM.ActiveCfg = Release|Any CPU
		{3E74102F-F0D5-4097-A3C6-5D76E7024857}.AppStore|Windows-ARM.Build.0 = Release|Any CPU
		{3E74102F-F0D5-4097-A3C6-5D76E7024857}.AppStore|Windows-x64.ActiveCfg = Release|Any CPU
		{3E74102F-F0D5-4097-A3C6-5D76E7024857}.AppStore|Windows-x64.Build.0 = Release|Any CPU
		{3E74102F-F0D5-4097-A3C6-5D76E7024857}.AppStore|Windows-x86.ActiveCfg = Release|Any CPU
		{3E74102F-F0D5-4097-A3C6-5D76E7024857}.AppStore|Windows-x86.Build.0 = Release|Any CPU
		{3E74102F-F0D5-4097-A3C6-5D76E7024857}.AppStore|x64.ActiveCfg = Release|Any CPU
		{3E74102F-F0D5-4097-A3C6-5D76E7024857}.AppStore|x64.Build.0 = Release|Any CPU
		{3E74102F-F0D5-4097-A3C6-5D76E7024857}.AppStore|x86.ActiveCfg = Release|Any CPU
		{3E74102F-F0D5-4097-A3C6-5D76E7024857}.AppStore|x86.Build.0 = Release|Any CPU
		{3E74102F-F0D5-4097-A3C6-5D76E7024857}.Debug|Android.ActiveCfg = Debug|Any CPU
		{3E74102F-F0D5-4097-A3C6-5D76E7024857}.Debug|Android.Build.0 = Debug|Any CPU
		{3E74102F-F0D5-4097-A3C6-5D76E7024857}.Debug|Any CPU.ActiveCfg = Debug|Any CPU
		{3E74102F-F0D5-4097-A3C6-5D76E7024857}.Debug|Any CPU.Build.0 = Debug|Any CPU
		{3E74102F-F0D5-4097-A3C6-5D76E7024857}.Debug|ARM.ActiveCfg = Debug|Any CPU
		{3E74102F-F0D5-4097-A3C6-5D76E7024857}.Debug|ARM.Build.0 = Debug|Any CPU
		{3E74102F-F0D5-4097-A3C6-5D76E7024857}.Debug|iOS.ActiveCfg = Debug|Any CPU
		{3E74102F-F0D5-4097-A3C6-5D76E7024857}.Debug|iOS.Build.0 = Debug|Any CPU
		{3E74102F-F0D5-4097-A3C6-5D76E7024857}.Debug|iPhone.ActiveCfg = Debug|Any CPU
		{3E74102F-F0D5-4097-A3C6-5D76E7024857}.Debug|iPhone.Build.0 = Debug|Any CPU
		{3E74102F-F0D5-4097-A3C6-5D76E7024857}.Debug|iPhoneSimulator.ActiveCfg = Debug|Any CPU
		{3E74102F-F0D5-4097-A3C6-5D76E7024857}.Debug|iPhoneSimulator.Build.0 = Debug|Any CPU
		{3E74102F-F0D5-4097-A3C6-5D76E7024857}.Debug|Windows-ARM.ActiveCfg = Debug|Any CPU
		{3E74102F-F0D5-4097-A3C6-5D76E7024857}.Debug|Windows-ARM.Build.0 = Debug|Any CPU
		{3E74102F-F0D5-4097-A3C6-5D76E7024857}.Debug|Windows-x64.ActiveCfg = Debug|Any CPU
		{3E74102F-F0D5-4097-A3C6-5D76E7024857}.Debug|Windows-x64.Build.0 = Debug|Any CPU
		{3E74102F-F0D5-4097-A3C6-5D76E7024857}.Debug|Windows-x86.ActiveCfg = Debug|Any CPU
		{3E74102F-F0D5-4097-A3C6-5D76E7024857}.Debug|Windows-x86.Build.0 = Debug|Any CPU
		{3E74102F-F0D5-4097-A3C6-5D76E7024857}.Debug|x64.ActiveCfg = Debug|Any CPU
		{3E74102F-F0D5-4097-A3C6-5D76E7024857}.Debug|x64.Build.0 = Debug|Any CPU
		{3E74102F-F0D5-4097-A3C6-5D76E7024857}.Debug|x86.ActiveCfg = Debug|Any CPU
		{3E74102F-F0D5-4097-A3C6-5D76E7024857}.Debug|x86.Build.0 = Debug|Any CPU
		{3E74102F-F0D5-4097-A3C6-5D76E7024857}.Release|Android.ActiveCfg = Release|Any CPU
		{3E74102F-F0D5-4097-A3C6-5D76E7024857}.Release|Android.Build.0 = Release|Any CPU
		{3E74102F-F0D5-4097-A3C6-5D76E7024857}.Release|Any CPU.ActiveCfg = Release|Any CPU
		{3E74102F-F0D5-4097-A3C6-5D76E7024857}.Release|Any CPU.Build.0 = Release|Any CPU
		{3E74102F-F0D5-4097-A3C6-5D76E7024857}.Release|ARM.ActiveCfg = Release|Any CPU
		{3E74102F-F0D5-4097-A3C6-5D76E7024857}.Release|ARM.Build.0 = Release|Any CPU
		{3E74102F-F0D5-4097-A3C6-5D76E7024857}.Release|iOS.ActiveCfg = Release|Any CPU
		{3E74102F-F0D5-4097-A3C6-5D76E7024857}.Release|iOS.Build.0 = Release|Any CPU
		{3E74102F-F0D5-4097-A3C6-5D76E7024857}.Release|iPhone.ActiveCfg = Release|Any CPU
		{3E74102F-F0D5-4097-A3C6-5D76E7024857}.Release|iPhone.Build.0 = Release|Any CPU
		{3E74102F-F0D5-4097-A3C6-5D76E7024857}.Release|iPhoneSimulator.ActiveCfg = Release|Any CPU
		{3E74102F-F0D5-4097-A3C6-5D76E7024857}.Release|iPhoneSimulator.Build.0 = Release|Any CPU
		{3E74102F-F0D5-4097-A3C6-5D76E7024857}.Release|Windows-ARM.ActiveCfg = Release|Any CPU
		{3E74102F-F0D5-4097-A3C6-5D76E7024857}.Release|Windows-ARM.Build.0 = Release|Any CPU
		{3E74102F-F0D5-4097-A3C6-5D76E7024857}.Release|Windows-x64.ActiveCfg = Release|Any CPU
		{3E74102F-F0D5-4097-A3C6-5D76E7024857}.Release|Windows-x64.Build.0 = Release|Any CPU
		{3E74102F-F0D5-4097-A3C6-5D76E7024857}.Release|Windows-x86.ActiveCfg = Release|Any CPU
		{3E74102F-F0D5-4097-A3C6-5D76E7024857}.Release|Windows-x86.Build.0 = Release|Any CPU
		{3E74102F-F0D5-4097-A3C6-5D76E7024857}.Release|x64.ActiveCfg = Release|Any CPU
		{3E74102F-F0D5-4097-A3C6-5D76E7024857}.Release|x64.Build.0 = Release|Any CPU
		{3E74102F-F0D5-4097-A3C6-5D76E7024857}.Release|x86.ActiveCfg = Release|Any CPU
		{3E74102F-F0D5-4097-A3C6-5D76E7024857}.Release|x86.Build.0 = Release|Any CPU
		{35031F69-483C-47DC-8752-EAD62556B22C}.Ad-Hoc|Android.ActiveCfg = Release|Any CPU
		{35031F69-483C-47DC-8752-EAD62556B22C}.Ad-Hoc|Android.Build.0 = Release|Any CPU
		{35031F69-483C-47DC-8752-EAD62556B22C}.Ad-Hoc|Any CPU.ActiveCfg = Release|Any CPU
		{35031F69-483C-47DC-8752-EAD62556B22C}.Ad-Hoc|Any CPU.Build.0 = Release|Any CPU
		{35031F69-483C-47DC-8752-EAD62556B22C}.Ad-Hoc|ARM.ActiveCfg = Release|Any CPU
		{35031F69-483C-47DC-8752-EAD62556B22C}.Ad-Hoc|ARM.Build.0 = Release|Any CPU
		{35031F69-483C-47DC-8752-EAD62556B22C}.Ad-Hoc|iOS.ActiveCfg = Release|Any CPU
		{35031F69-483C-47DC-8752-EAD62556B22C}.Ad-Hoc|iOS.Build.0 = Release|Any CPU
		{35031F69-483C-47DC-8752-EAD62556B22C}.Ad-Hoc|iPhone.ActiveCfg = Release|Any CPU
		{35031F69-483C-47DC-8752-EAD62556B22C}.Ad-Hoc|iPhone.Build.0 = Release|Any CPU
		{35031F69-483C-47DC-8752-EAD62556B22C}.Ad-Hoc|iPhoneSimulator.ActiveCfg = Release|Any CPU
		{35031F69-483C-47DC-8752-EAD62556B22C}.Ad-Hoc|iPhoneSimulator.Build.0 = Release|Any CPU
		{35031F69-483C-47DC-8752-EAD62556B22C}.Ad-Hoc|Windows-ARM.ActiveCfg = Release|Any CPU
		{35031F69-483C-47DC-8752-EAD62556B22C}.Ad-Hoc|Windows-ARM.Build.0 = Release|Any CPU
		{35031F69-483C-47DC-8752-EAD62556B22C}.Ad-Hoc|Windows-x64.ActiveCfg = Release|Any CPU
		{35031F69-483C-47DC-8752-EAD62556B22C}.Ad-Hoc|Windows-x64.Build.0 = Release|Any CPU
		{35031F69-483C-47DC-8752-EAD62556B22C}.Ad-Hoc|Windows-x86.ActiveCfg = Release|Any CPU
		{35031F69-483C-47DC-8752-EAD62556B22C}.Ad-Hoc|Windows-x86.Build.0 = Release|Any CPU
		{35031F69-483C-47DC-8752-EAD62556B22C}.Ad-Hoc|x64.ActiveCfg = Release|Any CPU
		{35031F69-483C-47DC-8752-EAD62556B22C}.Ad-Hoc|x64.Build.0 = Release|Any CPU
		{35031F69-483C-47DC-8752-EAD62556B22C}.Ad-Hoc|x86.ActiveCfg = Release|Any CPU
		{35031F69-483C-47DC-8752-EAD62556B22C}.Ad-Hoc|x86.Build.0 = Release|Any CPU
		{35031F69-483C-47DC-8752-EAD62556B22C}.AppStore|Android.ActiveCfg = Release|Any CPU
		{35031F69-483C-47DC-8752-EAD62556B22C}.AppStore|Android.Build.0 = Release|Any CPU
		{35031F69-483C-47DC-8752-EAD62556B22C}.AppStore|Any CPU.ActiveCfg = Release|Any CPU
		{35031F69-483C-47DC-8752-EAD62556B22C}.AppStore|Any CPU.Build.0 = Release|Any CPU
		{35031F69-483C-47DC-8752-EAD62556B22C}.AppStore|ARM.ActiveCfg = Release|Any CPU
		{35031F69-483C-47DC-8752-EAD62556B22C}.AppStore|ARM.Build.0 = Release|Any CPU
		{35031F69-483C-47DC-8752-EAD62556B22C}.AppStore|iOS.ActiveCfg = Release|Any CPU
		{35031F69-483C-47DC-8752-EAD62556B22C}.AppStore|iOS.Build.0 = Release|Any CPU
		{35031F69-483C-47DC-8752-EAD62556B22C}.AppStore|iPhone.ActiveCfg = Release|Any CPU
		{35031F69-483C-47DC-8752-EAD62556B22C}.AppStore|iPhone.Build.0 = Release|Any CPU
		{35031F69-483C-47DC-8752-EAD62556B22C}.AppStore|iPhoneSimulator.ActiveCfg = Release|Any CPU
		{35031F69-483C-47DC-8752-EAD62556B22C}.AppStore|iPhoneSimulator.Build.0 = Release|Any CPU
		{35031F69-483C-47DC-8752-EAD62556B22C}.AppStore|Windows-ARM.ActiveCfg = Release|Any CPU
		{35031F69-483C-47DC-8752-EAD62556B22C}.AppStore|Windows-ARM.Build.0 = Release|Any CPU
		{35031F69-483C-47DC-8752-EAD62556B22C}.AppStore|Windows-x64.ActiveCfg = Release|Any CPU
		{35031F69-483C-47DC-8752-EAD62556B22C}.AppStore|Windows-x64.Build.0 = Release|Any CPU
		{35031F69-483C-47DC-8752-EAD62556B22C}.AppStore|Windows-x86.ActiveCfg = Release|Any CPU
		{35031F69-483C-47DC-8752-EAD62556B22C}.AppStore|Windows-x86.Build.0 = Release|Any CPU
		{35031F69-483C-47DC-8752-EAD62556B22C}.AppStore|x64.ActiveCfg = Release|Any CPU
		{35031F69-483C-47DC-8752-EAD62556B22C}.AppStore|x64.Build.0 = Release|Any CPU
		{35031F69-483C-47DC-8752-EAD62556B22C}.AppStore|x86.ActiveCfg = Release|Any CPU
		{35031F69-483C-47DC-8752-EAD62556B22C}.AppStore|x86.Build.0 = Release|Any CPU
		{35031F69-483C-47DC-8752-EAD62556B22C}.Debug|Android.ActiveCfg = Debug|Any CPU
		{35031F69-483C-47DC-8752-EAD62556B22C}.Debug|Android.Build.0 = Debug|Any CPU
		{35031F69-483C-47DC-8752-EAD62556B22C}.Debug|Any CPU.ActiveCfg = Debug|Any CPU
		{35031F69-483C-47DC-8752-EAD62556B22C}.Debug|Any CPU.Build.0 = Debug|Any CPU
		{35031F69-483C-47DC-8752-EAD62556B22C}.Debug|ARM.ActiveCfg = Debug|Any CPU
		{35031F69-483C-47DC-8752-EAD62556B22C}.Debug|ARM.Build.0 = Debug|Any CPU
		{35031F69-483C-47DC-8752-EAD62556B22C}.Debug|iOS.ActiveCfg = Debug|Any CPU
		{35031F69-483C-47DC-8752-EAD62556B22C}.Debug|iOS.Build.0 = Debug|Any CPU
		{35031F69-483C-47DC-8752-EAD62556B22C}.Debug|iPhone.ActiveCfg = Debug|Any CPU
		{35031F69-483C-47DC-8752-EAD62556B22C}.Debug|iPhone.Build.0 = Debug|Any CPU
		{35031F69-483C-47DC-8752-EAD62556B22C}.Debug|iPhoneSimulator.ActiveCfg = Debug|Any CPU
		{35031F69-483C-47DC-8752-EAD62556B22C}.Debug|iPhoneSimulator.Build.0 = Debug|Any CPU
		{35031F69-483C-47DC-8752-EAD62556B22C}.Debug|Windows-ARM.ActiveCfg = Debug|Any CPU
		{35031F69-483C-47DC-8752-EAD62556B22C}.Debug|Windows-ARM.Build.0 = Debug|Any CPU
		{35031F69-483C-47DC-8752-EAD62556B22C}.Debug|Windows-x64.ActiveCfg = Debug|Any CPU
		{35031F69-483C-47DC-8752-EAD62556B22C}.Debug|Windows-x64.Build.0 = Debug|Any CPU
		{35031F69-483C-47DC-8752-EAD62556B22C}.Debug|Windows-x86.ActiveCfg = Debug|Any CPU
		{35031F69-483C-47DC-8752-EAD62556B22C}.Debug|Windows-x86.Build.0 = Debug|Any CPU
		{35031F69-483C-47DC-8752-EAD62556B22C}.Debug|x64.ActiveCfg = Debug|Any CPU
		{35031F69-483C-47DC-8752-EAD62556B22C}.Debug|x64.Build.0 = Debug|Any CPU
		{35031F69-483C-47DC-8752-EAD62556B22C}.Debug|x86.ActiveCfg = Debug|Any CPU
		{35031F69-483C-47DC-8752-EAD62556B22C}.Debug|x86.Build.0 = Debug|Any CPU
		{35031F69-483C-47DC-8752-EAD62556B22C}.Release|Android.ActiveCfg = Release|Any CPU
		{35031F69-483C-47DC-8752-EAD62556B22C}.Release|Android.Build.0 = Release|Any CPU
		{35031F69-483C-47DC-8752-EAD62556B22C}.Release|Any CPU.ActiveCfg = Release|Any CPU
		{35031F69-483C-47DC-8752-EAD62556B22C}.Release|Any CPU.Build.0 = Release|Any CPU
		{35031F69-483C-47DC-8752-EAD62556B22C}.Release|ARM.ActiveCfg = Release|Any CPU
		{35031F69-483C-47DC-8752-EAD62556B22C}.Release|ARM.Build.0 = Release|Any CPU
		{35031F69-483C-47DC-8752-EAD62556B22C}.Release|iOS.ActiveCfg = Release|Any CPU
		{35031F69-483C-47DC-8752-EAD62556B22C}.Release|iOS.Build.0 = Release|Any CPU
		{35031F69-483C-47DC-8752-EAD62556B22C}.Release|iPhone.ActiveCfg = Release|Any CPU
		{35031F69-483C-47DC-8752-EAD62556B22C}.Release|iPhone.Build.0 = Release|Any CPU
		{35031F69-483C-47DC-8752-EAD62556B22C}.Release|iPhoneSimulator.ActiveCfg = Release|Any CPU
		{35031F69-483C-47DC-8752-EAD62556B22C}.Release|iPhoneSimulator.Build.0 = Release|Any CPU
		{35031F69-483C-47DC-8752-EAD62556B22C}.Release|Windows-ARM.ActiveCfg = Release|Any CPU
		{35031F69-483C-47DC-8752-EAD62556B22C}.Release|Windows-ARM.Build.0 = Release|Any CPU
		{35031F69-483C-47DC-8752-EAD62556B22C}.Release|Windows-x64.ActiveCfg = Release|Any CPU
		{35031F69-483C-47DC-8752-EAD62556B22C}.Release|Windows-x64.Build.0 = Release|Any CPU
		{35031F69-483C-47DC-8752-EAD62556B22C}.Release|Windows-x86.ActiveCfg = Release|Any CPU
		{35031F69-483C-47DC-8752-EAD62556B22C}.Release|Windows-x86.Build.0 = Release|Any CPU
		{35031F69-483C-47DC-8752-EAD62556B22C}.Release|x64.ActiveCfg = Release|Any CPU
		{35031F69-483C-47DC-8752-EAD62556B22C}.Release|x64.Build.0 = Release|Any CPU
		{35031F69-483C-47DC-8752-EAD62556B22C}.Release|x86.ActiveCfg = Release|Any CPU
		{35031F69-483C-47DC-8752-EAD62556B22C}.Release|x86.Build.0 = Release|Any CPU
		{7EE4678A-3D7B-4301-B10D-21AB1B0A4454}.Ad-Hoc|Android.ActiveCfg = Release|Android
		{7EE4678A-3D7B-4301-B10D-21AB1B0A4454}.Ad-Hoc|Android.Build.0 = Release|Android
		{7EE4678A-3D7B-4301-B10D-21AB1B0A4454}.Ad-Hoc|Android.Deploy.0 = Release|Android
		{7EE4678A-3D7B-4301-B10D-21AB1B0A4454}.Ad-Hoc|Any CPU.ActiveCfg = Release|Windows-x86
		{7EE4678A-3D7B-4301-B10D-21AB1B0A4454}.Ad-Hoc|Any CPU.Build.0 = Release|Windows-x86
		{7EE4678A-3D7B-4301-B10D-21AB1B0A4454}.Ad-Hoc|Any CPU.Deploy.0 = Release|Windows-x86
		{7EE4678A-3D7B-4301-B10D-21AB1B0A4454}.Ad-Hoc|ARM.ActiveCfg = Release|Windows-x86
		{7EE4678A-3D7B-4301-B10D-21AB1B0A4454}.Ad-Hoc|ARM.Build.0 = Release|Windows-x86
		{7EE4678A-3D7B-4301-B10D-21AB1B0A4454}.Ad-Hoc|ARM.Deploy.0 = Release|Windows-x86
		{7EE4678A-3D7B-4301-B10D-21AB1B0A4454}.Ad-Hoc|iOS.ActiveCfg = Release|iOS
		{7EE4678A-3D7B-4301-B10D-21AB1B0A4454}.Ad-Hoc|iOS.Build.0 = Release|iOS
		{7EE4678A-3D7B-4301-B10D-21AB1B0A4454}.Ad-Hoc|iOS.Deploy.0 = Release|iOS
		{7EE4678A-3D7B-4301-B10D-21AB1B0A4454}.Ad-Hoc|iPhone.ActiveCfg = Release|Windows-x86
		{7EE4678A-3D7B-4301-B10D-21AB1B0A4454}.Ad-Hoc|iPhone.Build.0 = Release|Windows-x86
		{7EE4678A-3D7B-4301-B10D-21AB1B0A4454}.Ad-Hoc|iPhone.Deploy.0 = Release|Windows-x86
		{7EE4678A-3D7B-4301-B10D-21AB1B0A4454}.Ad-Hoc|iPhoneSimulator.ActiveCfg = Release|Windows-x86
		{7EE4678A-3D7B-4301-B10D-21AB1B0A4454}.Ad-Hoc|iPhoneSimulator.Build.0 = Release|Windows-x86
		{7EE4678A-3D7B-4301-B10D-21AB1B0A4454}.Ad-Hoc|iPhoneSimulator.Deploy.0 = Release|Windows-x86
		{7EE4678A-3D7B-4301-B10D-21AB1B0A4454}.Ad-Hoc|Windows-ARM.ActiveCfg = Release|Windows-ARM
		{7EE4678A-3D7B-4301-B10D-21AB1B0A4454}.Ad-Hoc|Windows-ARM.Build.0 = Release|Windows-ARM
		{7EE4678A-3D7B-4301-B10D-21AB1B0A4454}.Ad-Hoc|Windows-ARM.Deploy.0 = Release|Windows-ARM
		{7EE4678A-3D7B-4301-B10D-21AB1B0A4454}.Ad-Hoc|Windows-x64.ActiveCfg = Release|Windows-x64
		{7EE4678A-3D7B-4301-B10D-21AB1B0A4454}.Ad-Hoc|Windows-x64.Build.0 = Release|Windows-x64
		{7EE4678A-3D7B-4301-B10D-21AB1B0A4454}.Ad-Hoc|Windows-x64.Deploy.0 = Release|Windows-x64
		{7EE4678A-3D7B-4301-B10D-21AB1B0A4454}.Ad-Hoc|Windows-x86.ActiveCfg = Release|Windows-x86
		{7EE4678A-3D7B-4301-B10D-21AB1B0A4454}.Ad-Hoc|Windows-x86.Build.0 = Release|Windows-x86
		{7EE4678A-3D7B-4301-B10D-21AB1B0A4454}.Ad-Hoc|Windows-x86.Deploy.0 = Release|Windows-x86
		{7EE4678A-3D7B-4301-B10D-21AB1B0A4454}.Ad-Hoc|x64.ActiveCfg = Release|Windows-x86
		{7EE4678A-3D7B-4301-B10D-21AB1B0A4454}.Ad-Hoc|x64.Build.0 = Release|Windows-x86
		{7EE4678A-3D7B-4301-B10D-21AB1B0A4454}.Ad-Hoc|x64.Deploy.0 = Release|Windows-x86
		{7EE4678A-3D7B-4301-B10D-21AB1B0A4454}.Ad-Hoc|x86.ActiveCfg = Release|Windows-x86
		{7EE4678A-3D7B-4301-B10D-21AB1B0A4454}.Ad-Hoc|x86.Build.0 = Release|Windows-x86
		{7EE4678A-3D7B-4301-B10D-21AB1B0A4454}.Ad-Hoc|x86.Deploy.0 = Release|Windows-x86
		{7EE4678A-3D7B-4301-B10D-21AB1B0A4454}.AppStore|Android.ActiveCfg = Release|Android
		{7EE4678A-3D7B-4301-B10D-21AB1B0A4454}.AppStore|Android.Build.0 = Release|Android
		{7EE4678A-3D7B-4301-B10D-21AB1B0A4454}.AppStore|Android.Deploy.0 = Release|Android
		{7EE4678A-3D7B-4301-B10D-21AB1B0A4454}.AppStore|Any CPU.ActiveCfg = Release|Windows-x86
		{7EE4678A-3D7B-4301-B10D-21AB1B0A4454}.AppStore|Any CPU.Build.0 = Release|Windows-x86
		{7EE4678A-3D7B-4301-B10D-21AB1B0A4454}.AppStore|Any CPU.Deploy.0 = Release|Windows-x86
		{7EE4678A-3D7B-4301-B10D-21AB1B0A4454}.AppStore|ARM.ActiveCfg = Release|Windows-x86
		{7EE4678A-3D7B-4301-B10D-21AB1B0A4454}.AppStore|ARM.Build.0 = Release|Windows-x86
		{7EE4678A-3D7B-4301-B10D-21AB1B0A4454}.AppStore|ARM.Deploy.0 = Release|Windows-x86
		{7EE4678A-3D7B-4301-B10D-21AB1B0A4454}.AppStore|iOS.ActiveCfg = Release|iOS
		{7EE4678A-3D7B-4301-B10D-21AB1B0A4454}.AppStore|iOS.Build.0 = Release|iOS
		{7EE4678A-3D7B-4301-B10D-21AB1B0A4454}.AppStore|iOS.Deploy.0 = Release|iOS
		{7EE4678A-3D7B-4301-B10D-21AB1B0A4454}.AppStore|iPhone.ActiveCfg = Release|Windows-x86
		{7EE4678A-3D7B-4301-B10D-21AB1B0A4454}.AppStore|iPhone.Build.0 = Release|Windows-x86
		{7EE4678A-3D7B-4301-B10D-21AB1B0A4454}.AppStore|iPhone.Deploy.0 = Release|Windows-x86
		{7EE4678A-3D7B-4301-B10D-21AB1B0A4454}.AppStore|iPhoneSimulator.ActiveCfg = Release|Windows-x86
		{7EE4678A-3D7B-4301-B10D-21AB1B0A4454}.AppStore|iPhoneSimulator.Build.0 = Release|Windows-x86
		{7EE4678A-3D7B-4301-B10D-21AB1B0A4454}.AppStore|iPhoneSimulator.Deploy.0 = Release|Windows-x86
		{7EE4678A-3D7B-4301-B10D-21AB1B0A4454}.AppStore|Windows-ARM.ActiveCfg = Release|Windows-ARM
		{7EE4678A-3D7B-4301-B10D-21AB1B0A4454}.AppStore|Windows-ARM.Build.0 = Release|Windows-ARM
		{7EE4678A-3D7B-4301-B10D-21AB1B0A4454}.AppStore|Windows-ARM.Deploy.0 = Release|Windows-ARM
		{7EE4678A-3D7B-4301-B10D-21AB1B0A4454}.AppStore|Windows-x64.ActiveCfg = Release|Windows-x64
		{7EE4678A-3D7B-4301-B10D-21AB1B0A4454}.AppStore|Windows-x64.Build.0 = Release|Windows-x64
		{7EE4678A-3D7B-4301-B10D-21AB1B0A4454}.AppStore|Windows-x64.Deploy.0 = Release|Windows-x64
		{7EE4678A-3D7B-4301-B10D-21AB1B0A4454}.AppStore|Windows-x86.ActiveCfg = Release|Windows-x86
		{7EE4678A-3D7B-4301-B10D-21AB1B0A4454}.AppStore|Windows-x86.Build.0 = Release|Windows-x86
		{7EE4678A-3D7B-4301-B10D-21AB1B0A4454}.AppStore|Windows-x86.Deploy.0 = Release|Windows-x86
		{7EE4678A-3D7B-4301-B10D-21AB1B0A4454}.AppStore|x64.ActiveCfg = Release|Windows-x86
		{7EE4678A-3D7B-4301-B10D-21AB1B0A4454}.AppStore|x64.Build.0 = Release|Windows-x86
		{7EE4678A-3D7B-4301-B10D-21AB1B0A4454}.AppStore|x64.Deploy.0 = Release|Windows-x86
		{7EE4678A-3D7B-4301-B10D-21AB1B0A4454}.AppStore|x86.ActiveCfg = Release|Windows-x86
		{7EE4678A-3D7B-4301-B10D-21AB1B0A4454}.AppStore|x86.Build.0 = Release|Windows-x86
		{7EE4678A-3D7B-4301-B10D-21AB1B0A4454}.AppStore|x86.Deploy.0 = Release|Windows-x86
		{7EE4678A-3D7B-4301-B10D-21AB1B0A4454}.Debug|Android.ActiveCfg = Debug|Android
		{7EE4678A-3D7B-4301-B10D-21AB1B0A4454}.Debug|Android.Build.0 = Debug|Android
		{7EE4678A-3D7B-4301-B10D-21AB1B0A4454}.Debug|Android.Deploy.0 = Debug|Android
		{7EE4678A-3D7B-4301-B10D-21AB1B0A4454}.Debug|Any CPU.ActiveCfg = Debug|Android
		{7EE4678A-3D7B-4301-B10D-21AB1B0A4454}.Debug|ARM.ActiveCfg = Debug|Windows-ARM
		{7EE4678A-3D7B-4301-B10D-21AB1B0A4454}.Debug|iOS.ActiveCfg = Debug|iOS
		{7EE4678A-3D7B-4301-B10D-21AB1B0A4454}.Debug|iOS.Build.0 = Debug|iOS
		{7EE4678A-3D7B-4301-B10D-21AB1B0A4454}.Debug|iOS.Deploy.0 = Debug|iOS
		{7EE4678A-3D7B-4301-B10D-21AB1B0A4454}.Debug|iPhone.ActiveCfg = Debug|iOS
		{7EE4678A-3D7B-4301-B10D-21AB1B0A4454}.Debug|iPhoneSimulator.ActiveCfg = Debug|iOS
		{7EE4678A-3D7B-4301-B10D-21AB1B0A4454}.Debug|Windows-ARM.ActiveCfg = Debug|Windows-ARM
		{7EE4678A-3D7B-4301-B10D-21AB1B0A4454}.Debug|Windows-ARM.Build.0 = Debug|Windows-ARM
		{7EE4678A-3D7B-4301-B10D-21AB1B0A4454}.Debug|Windows-ARM.Deploy.0 = Debug|Windows-ARM
		{7EE4678A-3D7B-4301-B10D-21AB1B0A4454}.Debug|Windows-x64.ActiveCfg = Debug|Windows-x64
		{7EE4678A-3D7B-4301-B10D-21AB1B0A4454}.Debug|Windows-x64.Build.0 = Debug|Windows-x64
		{7EE4678A-3D7B-4301-B10D-21AB1B0A4454}.Debug|Windows-x64.Deploy.0 = Debug|Windows-x64
		{7EE4678A-3D7B-4301-B10D-21AB1B0A4454}.Debug|Windows-x86.ActiveCfg = Debug|Windows-x86
		{7EE4678A-3D7B-4301-B10D-21AB1B0A4454}.Debug|Windows-x86.Build.0 = Debug|Windows-x86
		{7EE4678A-3D7B-4301-B10D-21AB1B0A4454}.Debug|Windows-x86.Deploy.0 = Debug|Windows-x86
		{7EE4678A-3D7B-4301-B10D-21AB1B0A4454}.Debug|x64.ActiveCfg = Debug|Windows-x64
		{7EE4678A-3D7B-4301-B10D-21AB1B0A4454}.Debug|x86.ActiveCfg = Debug|Windows-x86
		{7EE4678A-3D7B-4301-B10D-21AB1B0A4454}.Release|Android.ActiveCfg = Release|Android
		{7EE4678A-3D7B-4301-B10D-21AB1B0A4454}.Release|Android.Build.0 = Release|Android
		{7EE4678A-3D7B-4301-B10D-21AB1B0A4454}.Release|Android.Deploy.0 = Release|Android
		{7EE4678A-3D7B-4301-B10D-21AB1B0A4454}.Release|Any CPU.ActiveCfg = Release|Android
		{7EE4678A-3D7B-4301-B10D-21AB1B0A4454}.Release|ARM.ActiveCfg = Release|Windows-ARM
		{7EE4678A-3D7B-4301-B10D-21AB1B0A4454}.Release|iOS.ActiveCfg = Release|iOS
		{7EE4678A-3D7B-4301-B10D-21AB1B0A4454}.Release|iOS.Build.0 = Release|iOS
		{7EE4678A-3D7B-4301-B10D-21AB1B0A4454}.Release|iOS.Deploy.0 = Release|iOS
		{7EE4678A-3D7B-4301-B10D-21AB1B0A4454}.Release|iPhone.ActiveCfg = Release|iOS
		{7EE4678A-3D7B-4301-B10D-21AB1B0A4454}.Release|iPhoneSimulator.ActiveCfg = Release|iOS
		{7EE4678A-3D7B-4301-B10D-21AB1B0A4454}.Release|Windows-ARM.ActiveCfg = Release|Windows-ARM
		{7EE4678A-3D7B-4301-B10D-21AB1B0A4454}.Release|Windows-ARM.Build.0 = Release|Windows-ARM
		{7EE4678A-3D7B-4301-B10D-21AB1B0A4454}.Release|Windows-ARM.Deploy.0 = Release|Windows-ARM
		{7EE4678A-3D7B-4301-B10D-21AB1B0A4454}.Release|Windows-x64.ActiveCfg = Release|Windows-x64
		{7EE4678A-3D7B-4301-B10D-21AB1B0A4454}.Release|Windows-x64.Build.0 = Release|Windows-x64
		{7EE4678A-3D7B-4301-B10D-21AB1B0A4454}.Release|Windows-x64.Deploy.0 = Release|Windows-x64
		{7EE4678A-3D7B-4301-B10D-21AB1B0A4454}.Release|Windows-x86.ActiveCfg = Release|Windows-x86
		{7EE4678A-3D7B-4301-B10D-21AB1B0A4454}.Release|Windows-x86.Build.0 = Release|Windows-x86
		{7EE4678A-3D7B-4301-B10D-21AB1B0A4454}.Release|Windows-x86.Deploy.0 = Release|Windows-x86
		{7EE4678A-3D7B-4301-B10D-21AB1B0A4454}.Release|x64.ActiveCfg = Release|Windows-x64
		{7EE4678A-3D7B-4301-B10D-21AB1B0A4454}.Release|x86.ActiveCfg = Release|Windows-x86
		{43FACF9C-03F7-4A28-8930-BBB27D959447}.Ad-Hoc|Android.ActiveCfg = Release|Any CPU
		{43FACF9C-03F7-4A28-8930-BBB27D959447}.Ad-Hoc|Android.Build.0 = Release|Any CPU
		{43FACF9C-03F7-4A28-8930-BBB27D959447}.Ad-Hoc|Any CPU.ActiveCfg = Release|Any CPU
		{43FACF9C-03F7-4A28-8930-BBB27D959447}.Ad-Hoc|Any CPU.Build.0 = Release|Any CPU
		{43FACF9C-03F7-4A28-8930-BBB27D959447}.Ad-Hoc|ARM.ActiveCfg = Release|Any CPU
		{43FACF9C-03F7-4A28-8930-BBB27D959447}.Ad-Hoc|ARM.Build.0 = Release|Any CPU
		{43FACF9C-03F7-4A28-8930-BBB27D959447}.Ad-Hoc|iOS.ActiveCfg = Release|Any CPU
		{43FACF9C-03F7-4A28-8930-BBB27D959447}.Ad-Hoc|iOS.Build.0 = Release|Any CPU
		{43FACF9C-03F7-4A28-8930-BBB27D959447}.Ad-Hoc|iPhone.ActiveCfg = Release|Any CPU
		{43FACF9C-03F7-4A28-8930-BBB27D959447}.Ad-Hoc|iPhone.Build.0 = Release|Any CPU
		{43FACF9C-03F7-4A28-8930-BBB27D959447}.Ad-Hoc|iPhoneSimulator.ActiveCfg = Release|Any CPU
		{43FACF9C-03F7-4A28-8930-BBB27D959447}.Ad-Hoc|iPhoneSimulator.Build.0 = Release|Any CPU
		{43FACF9C-03F7-4A28-8930-BBB27D959447}.Ad-Hoc|Windows-ARM.ActiveCfg = Release|Any CPU
		{43FACF9C-03F7-4A28-8930-BBB27D959447}.Ad-Hoc|Windows-ARM.Build.0 = Release|Any CPU
		{43FACF9C-03F7-4A28-8930-BBB27D959447}.Ad-Hoc|Windows-x64.ActiveCfg = Release|Any CPU
		{43FACF9C-03F7-4A28-8930-BBB27D959447}.Ad-Hoc|Windows-x64.Build.0 = Release|Any CPU
		{43FACF9C-03F7-4A28-8930-BBB27D959447}.Ad-Hoc|Windows-x86.ActiveCfg = Release|Any CPU
		{43FACF9C-03F7-4A28-8930-BBB27D959447}.Ad-Hoc|Windows-x86.Build.0 = Release|Any CPU
		{43FACF9C-03F7-4A28-8930-BBB27D959447}.Ad-Hoc|x64.ActiveCfg = Release|Any CPU
		{43FACF9C-03F7-4A28-8930-BBB27D959447}.Ad-Hoc|x64.Build.0 = Release|Any CPU
		{43FACF9C-03F7-4A28-8930-BBB27D959447}.Ad-Hoc|x86.ActiveCfg = Release|Any CPU
		{43FACF9C-03F7-4A28-8930-BBB27D959447}.Ad-Hoc|x86.Build.0 = Release|Any CPU
		{43FACF9C-03F7-4A28-8930-BBB27D959447}.AppStore|Android.ActiveCfg = Release|Any CPU
		{43FACF9C-03F7-4A28-8930-BBB27D959447}.AppStore|Android.Build.0 = Release|Any CPU
		{43FACF9C-03F7-4A28-8930-BBB27D959447}.AppStore|Any CPU.ActiveCfg = Release|Any CPU
		{43FACF9C-03F7-4A28-8930-BBB27D959447}.AppStore|Any CPU.Build.0 = Release|Any CPU
		{43FACF9C-03F7-4A28-8930-BBB27D959447}.AppStore|ARM.ActiveCfg = Release|Any CPU
		{43FACF9C-03F7-4A28-8930-BBB27D959447}.AppStore|ARM.Build.0 = Release|Any CPU
		{43FACF9C-03F7-4A28-8930-BBB27D959447}.AppStore|iOS.ActiveCfg = Release|Any CPU
		{43FACF9C-03F7-4A28-8930-BBB27D959447}.AppStore|iOS.Build.0 = Release|Any CPU
		{43FACF9C-03F7-4A28-8930-BBB27D959447}.AppStore|iPhone.ActiveCfg = Release|Any CPU
		{43FACF9C-03F7-4A28-8930-BBB27D959447}.AppStore|iPhone.Build.0 = Release|Any CPU
		{43FACF9C-03F7-4A28-8930-BBB27D959447}.AppStore|iPhoneSimulator.ActiveCfg = Release|Any CPU
		{43FACF9C-03F7-4A28-8930-BBB27D959447}.AppStore|iPhoneSimulator.Build.0 = Release|Any CPU
		{43FACF9C-03F7-4A28-8930-BBB27D959447}.AppStore|Windows-ARM.ActiveCfg = Release|Any CPU
		{43FACF9C-03F7-4A28-8930-BBB27D959447}.AppStore|Windows-ARM.Build.0 = Release|Any CPU
		{43FACF9C-03F7-4A28-8930-BBB27D959447}.AppStore|Windows-x64.ActiveCfg = Release|Any CPU
		{43FACF9C-03F7-4A28-8930-BBB27D959447}.AppStore|Windows-x64.Build.0 = Release|Any CPU
		{43FACF9C-03F7-4A28-8930-BBB27D959447}.AppStore|Windows-x86.ActiveCfg = Release|Any CPU
		{43FACF9C-03F7-4A28-8930-BBB27D959447}.AppStore|Windows-x86.Build.0 = Release|Any CPU
		{43FACF9C-03F7-4A28-8930-BBB27D959447}.AppStore|x64.ActiveCfg = Release|Any CPU
		{43FACF9C-03F7-4A28-8930-BBB27D959447}.AppStore|x64.Build.0 = Release|Any CPU
		{43FACF9C-03F7-4A28-8930-BBB27D959447}.AppStore|x86.ActiveCfg = Release|Any CPU
		{43FACF9C-03F7-4A28-8930-BBB27D959447}.AppStore|x86.Build.0 = Release|Any CPU
		{43FACF9C-03F7-4A28-8930-BBB27D959447}.Debug|Android.ActiveCfg = Debug|Any CPU
		{43FACF9C-03F7-4A28-8930-BBB27D959447}.Debug|Android.Build.0 = Debug|Any CPU
		{43FACF9C-03F7-4A28-8930-BBB27D959447}.Debug|Any CPU.ActiveCfg = Debug|Any CPU
		{43FACF9C-03F7-4A28-8930-BBB27D959447}.Debug|Any CPU.Build.0 = Debug|Any CPU
		{43FACF9C-03F7-4A28-8930-BBB27D959447}.Debug|ARM.ActiveCfg = Debug|Any CPU
		{43FACF9C-03F7-4A28-8930-BBB27D959447}.Debug|ARM.Build.0 = Debug|Any CPU
		{43FACF9C-03F7-4A28-8930-BBB27D959447}.Debug|iOS.ActiveCfg = Debug|Any CPU
		{43FACF9C-03F7-4A28-8930-BBB27D959447}.Debug|iOS.Build.0 = Debug|Any CPU
		{43FACF9C-03F7-4A28-8930-BBB27D959447}.Debug|iPhone.ActiveCfg = Debug|Any CPU
		{43FACF9C-03F7-4A28-8930-BBB27D959447}.Debug|iPhone.Build.0 = Debug|Any CPU
		{43FACF9C-03F7-4A28-8930-BBB27D959447}.Debug|iPhoneSimulator.ActiveCfg = Debug|Any CPU
		{43FACF9C-03F7-4A28-8930-BBB27D959447}.Debug|iPhoneSimulator.Build.0 = Debug|Any CPU
		{43FACF9C-03F7-4A28-8930-BBB27D959447}.Debug|Windows-ARM.ActiveCfg = Debug|Any CPU
		{43FACF9C-03F7-4A28-8930-BBB27D959447}.Debug|Windows-ARM.Build.0 = Debug|Any CPU
		{43FACF9C-03F7-4A28-8930-BBB27D959447}.Debug|Windows-x64.ActiveCfg = Debug|Any CPU
		{43FACF9C-03F7-4A28-8930-BBB27D959447}.Debug|Windows-x64.Build.0 = Debug|Any CPU
		{43FACF9C-03F7-4A28-8930-BBB27D959447}.Debug|Windows-x86.ActiveCfg = Debug|Any CPU
		{43FACF9C-03F7-4A28-8930-BBB27D959447}.Debug|Windows-x86.Build.0 = Debug|Any CPU
		{43FACF9C-03F7-4A28-8930-BBB27D959447}.Debug|x64.ActiveCfg = Debug|Any CPU
		{43FACF9C-03F7-4A28-8930-BBB27D959447}.Debug|x64.Build.0 = Debug|Any CPU
		{43FACF9C-03F7-4A28-8930-BBB27D959447}.Debug|x86.ActiveCfg = Debug|Any CPU
		{43FACF9C-03F7-4A28-8930-BBB27D959447}.Debug|x86.Build.0 = Debug|Any CPU
		{43FACF9C-03F7-4A28-8930-BBB27D959447}.Release|Android.ActiveCfg = Release|Any CPU
		{43FACF9C-03F7-4A28-8930-BBB27D959447}.Release|Android.Build.0 = Release|Any CPU
		{43FACF9C-03F7-4A28-8930-BBB27D959447}.Release|Any CPU.ActiveCfg = Release|Any CPU
		{43FACF9C-03F7-4A28-8930-BBB27D959447}.Release|Any CPU.Build.0 = Release|Any CPU
		{43FACF9C-03F7-4A28-8930-BBB27D959447}.Release|ARM.ActiveCfg = Release|Any CPU
		{43FACF9C-03F7-4A28-8930-BBB27D959447}.Release|ARM.Build.0 = Release|Any CPU
		{43FACF9C-03F7-4A28-8930-BBB27D959447}.Release|iOS.ActiveCfg = Release|Any CPU
		{43FACF9C-03F7-4A28-8930-BBB27D959447}.Release|iOS.Build.0 = Release|Any CPU
		{43FACF9C-03F7-4A28-8930-BBB27D959447}.Release|iPhone.ActiveCfg = Release|Any CPU
		{43FACF9C-03F7-4A28-8930-BBB27D959447}.Release|iPhone.Build.0 = Release|Any CPU
		{43FACF9C-03F7-4A28-8930-BBB27D959447}.Release|iPhoneSimulator.ActiveCfg = Release|Any CPU
		{43FACF9C-03F7-4A28-8930-BBB27D959447}.Release|iPhoneSimulator.Build.0 = Release|Any CPU
		{43FACF9C-03F7-4A28-8930-BBB27D959447}.Release|Windows-ARM.ActiveCfg = Release|Any CPU
		{43FACF9C-03F7-4A28-8930-BBB27D959447}.Release|Windows-ARM.Build.0 = Release|Any CPU
		{43FACF9C-03F7-4A28-8930-BBB27D959447}.Release|Windows-x64.ActiveCfg = Release|Any CPU
		{43FACF9C-03F7-4A28-8930-BBB27D959447}.Release|Windows-x64.Build.0 = Release|Any CPU
		{43FACF9C-03F7-4A28-8930-BBB27D959447}.Release|Windows-x86.ActiveCfg = Release|Any CPU
		{43FACF9C-03F7-4A28-8930-BBB27D959447}.Release|Windows-x86.Build.0 = Release|Any CPU
		{43FACF9C-03F7-4A28-8930-BBB27D959447}.Release|x64.ActiveCfg = Release|Any CPU
		{43FACF9C-03F7-4A28-8930-BBB27D959447}.Release|x64.Build.0 = Release|Any CPU
		{43FACF9C-03F7-4A28-8930-BBB27D959447}.Release|x86.ActiveCfg = Release|Any CPU
		{43FACF9C-03F7-4A28-8930-BBB27D959447}.Release|x86.Build.0 = Release|Any CPU
		{F4D6DBA8-0C7F-461E-9BE4-6A4E803424AC}.Ad-Hoc|Android.ActiveCfg = Release|Any CPU
		{F4D6DBA8-0C7F-461E-9BE4-6A4E803424AC}.Ad-Hoc|Android.Build.0 = Release|Any CPU
		{F4D6DBA8-0C7F-461E-9BE4-6A4E803424AC}.Ad-Hoc|Any CPU.ActiveCfg = Release|Any CPU
		{F4D6DBA8-0C7F-461E-9BE4-6A4E803424AC}.Ad-Hoc|Any CPU.Build.0 = Release|Any CPU
		{F4D6DBA8-0C7F-461E-9BE4-6A4E803424AC}.Ad-Hoc|ARM.ActiveCfg = Release|Any CPU
		{F4D6DBA8-0C7F-461E-9BE4-6A4E803424AC}.Ad-Hoc|ARM.Build.0 = Release|Any CPU
		{F4D6DBA8-0C7F-461E-9BE4-6A4E803424AC}.Ad-Hoc|iOS.ActiveCfg = Release|Any CPU
		{F4D6DBA8-0C7F-461E-9BE4-6A4E803424AC}.Ad-Hoc|iOS.Build.0 = Release|Any CPU
		{F4D6DBA8-0C7F-461E-9BE4-6A4E803424AC}.Ad-Hoc|iPhone.ActiveCfg = Release|Any CPU
		{F4D6DBA8-0C7F-461E-9BE4-6A4E803424AC}.Ad-Hoc|iPhone.Build.0 = Release|Any CPU
		{F4D6DBA8-0C7F-461E-9BE4-6A4E803424AC}.Ad-Hoc|iPhoneSimulator.ActiveCfg = Release|Any CPU
		{F4D6DBA8-0C7F-461E-9BE4-6A4E803424AC}.Ad-Hoc|iPhoneSimulator.Build.0 = Release|Any CPU
		{F4D6DBA8-0C7F-461E-9BE4-6A4E803424AC}.Ad-Hoc|Windows-ARM.ActiveCfg = Release|Any CPU
		{F4D6DBA8-0C7F-461E-9BE4-6A4E803424AC}.Ad-Hoc|Windows-ARM.Build.0 = Release|Any CPU
		{F4D6DBA8-0C7F-461E-9BE4-6A4E803424AC}.Ad-Hoc|Windows-x64.ActiveCfg = Release|Any CPU
		{F4D6DBA8-0C7F-461E-9BE4-6A4E803424AC}.Ad-Hoc|Windows-x64.Build.0 = Release|Any CPU
		{F4D6DBA8-0C7F-461E-9BE4-6A4E803424AC}.Ad-Hoc|Windows-x86.ActiveCfg = Release|Any CPU
		{F4D6DBA8-0C7F-461E-9BE4-6A4E803424AC}.Ad-Hoc|Windows-x86.Build.0 = Release|Any CPU
		{F4D6DBA8-0C7F-461E-9BE4-6A4E803424AC}.Ad-Hoc|x64.ActiveCfg = Release|Any CPU
		{F4D6DBA8-0C7F-461E-9BE4-6A4E803424AC}.Ad-Hoc|x64.Build.0 = Release|Any CPU
		{F4D6DBA8-0C7F-461E-9BE4-6A4E803424AC}.Ad-Hoc|x86.ActiveCfg = Release|Any CPU
		{F4D6DBA8-0C7F-461E-9BE4-6A4E803424AC}.Ad-Hoc|x86.Build.0 = Release|Any CPU
		{F4D6DBA8-0C7F-461E-9BE4-6A4E803424AC}.AppStore|Android.ActiveCfg = Release|Any CPU
		{F4D6DBA8-0C7F-461E-9BE4-6A4E803424AC}.AppStore|Android.Build.0 = Release|Any CPU
		{F4D6DBA8-0C7F-461E-9BE4-6A4E803424AC}.AppStore|Any CPU.ActiveCfg = Release|Any CPU
		{F4D6DBA8-0C7F-461E-9BE4-6A4E803424AC}.AppStore|Any CPU.Build.0 = Release|Any CPU
		{F4D6DBA8-0C7F-461E-9BE4-6A4E803424AC}.AppStore|ARM.ActiveCfg = Release|Any CPU
		{F4D6DBA8-0C7F-461E-9BE4-6A4E803424AC}.AppStore|ARM.Build.0 = Release|Any CPU
		{F4D6DBA8-0C7F-461E-9BE4-6A4E803424AC}.AppStore|iOS.ActiveCfg = Release|Any CPU
		{F4D6DBA8-0C7F-461E-9BE4-6A4E803424AC}.AppStore|iOS.Build.0 = Release|Any CPU
		{F4D6DBA8-0C7F-461E-9BE4-6A4E803424AC}.AppStore|iPhone.ActiveCfg = Release|Any CPU
		{F4D6DBA8-0C7F-461E-9BE4-6A4E803424AC}.AppStore|iPhone.Build.0 = Release|Any CPU
		{F4D6DBA8-0C7F-461E-9BE4-6A4E803424AC}.AppStore|iPhoneSimulator.ActiveCfg = Release|Any CPU
		{F4D6DBA8-0C7F-461E-9BE4-6A4E803424AC}.AppStore|iPhoneSimulator.Build.0 = Release|Any CPU
		{F4D6DBA8-0C7F-461E-9BE4-6A4E803424AC}.AppStore|Windows-ARM.ActiveCfg = Release|Any CPU
		{F4D6DBA8-0C7F-461E-9BE4-6A4E803424AC}.AppStore|Windows-ARM.Build.0 = Release|Any CPU
		{F4D6DBA8-0C7F-461E-9BE4-6A4E803424AC}.AppStore|Windows-x64.ActiveCfg = Release|Any CPU
		{F4D6DBA8-0C7F-461E-9BE4-6A4E803424AC}.AppStore|Windows-x64.Build.0 = Release|Any CPU
		{F4D6DBA8-0C7F-461E-9BE4-6A4E803424AC}.AppStore|Windows-x86.ActiveCfg = Release|Any CPU
		{F4D6DBA8-0C7F-461E-9BE4-6A4E803424AC}.AppStore|Windows-x86.Build.0 = Release|Any CPU
		{F4D6DBA8-0C7F-461E-9BE4-6A4E803424AC}.AppStore|x64.ActiveCfg = Release|Any CPU
		{F4D6DBA8-0C7F-461E-9BE4-6A4E803424AC}.AppStore|x64.Build.0 = Release|Any CPU
		{F4D6DBA8-0C7F-461E-9BE4-6A4E803424AC}.AppStore|x86.ActiveCfg = Release|Any CPU
		{F4D6DBA8-0C7F-461E-9BE4-6A4E803424AC}.AppStore|x86.Build.0 = Release|Any CPU
		{F4D6DBA8-0C7F-461E-9BE4-6A4E803424AC}.Debug|Android.ActiveCfg = Debug|Any CPU
		{F4D6DBA8-0C7F-461E-9BE4-6A4E803424AC}.Debug|Android.Build.0 = Debug|Any CPU
		{F4D6DBA8-0C7F-461E-9BE4-6A4E803424AC}.Debug|Any CPU.ActiveCfg = Debug|Any CPU
		{F4D6DBA8-0C7F-461E-9BE4-6A4E803424AC}.Debug|Any CPU.Build.0 = Debug|Any CPU
		{F4D6DBA8-0C7F-461E-9BE4-6A4E803424AC}.Debug|ARM.ActiveCfg = Debug|Any CPU
		{F4D6DBA8-0C7F-461E-9BE4-6A4E803424AC}.Debug|ARM.Build.0 = Debug|Any CPU
		{F4D6DBA8-0C7F-461E-9BE4-6A4E803424AC}.Debug|iOS.ActiveCfg = Debug|Any CPU
		{F4D6DBA8-0C7F-461E-9BE4-6A4E803424AC}.Debug|iOS.Build.0 = Debug|Any CPU
		{F4D6DBA8-0C7F-461E-9BE4-6A4E803424AC}.Debug|iPhone.ActiveCfg = Debug|Any CPU
		{F4D6DBA8-0C7F-461E-9BE4-6A4E803424AC}.Debug|iPhone.Build.0 = Debug|Any CPU
		{F4D6DBA8-0C7F-461E-9BE4-6A4E803424AC}.Debug|iPhoneSimulator.ActiveCfg = Debug|Any CPU
		{F4D6DBA8-0C7F-461E-9BE4-6A4E803424AC}.Debug|iPhoneSimulator.Build.0 = Debug|Any CPU
		{F4D6DBA8-0C7F-461E-9BE4-6A4E803424AC}.Debug|Windows-ARM.ActiveCfg = Debug|Any CPU
		{F4D6DBA8-0C7F-461E-9BE4-6A4E803424AC}.Debug|Windows-ARM.Build.0 = Debug|Any CPU
		{F4D6DBA8-0C7F-461E-9BE4-6A4E803424AC}.Debug|Windows-x64.ActiveCfg = Debug|Any CPU
		{F4D6DBA8-0C7F-461E-9BE4-6A4E803424AC}.Debug|Windows-x64.Build.0 = Debug|Any CPU
		{F4D6DBA8-0C7F-461E-9BE4-6A4E803424AC}.Debug|Windows-x86.ActiveCfg = Debug|Any CPU
		{F4D6DBA8-0C7F-461E-9BE4-6A4E803424AC}.Debug|Windows-x86.Build.0 = Debug|Any CPU
		{F4D6DBA8-0C7F-461E-9BE4-6A4E803424AC}.Debug|x64.ActiveCfg = Debug|Any CPU
		{F4D6DBA8-0C7F-461E-9BE4-6A4E803424AC}.Debug|x64.Build.0 = Debug|Any CPU
		{F4D6DBA8-0C7F-461E-9BE4-6A4E803424AC}.Debug|x86.ActiveCfg = Debug|Any CPU
		{F4D6DBA8-0C7F-461E-9BE4-6A4E803424AC}.Debug|x86.Build.0 = Debug|Any CPU
		{F4D6DBA8-0C7F-461E-9BE4-6A4E803424AC}.Release|Android.ActiveCfg = Release|Any CPU
		{F4D6DBA8-0C7F-461E-9BE4-6A4E803424AC}.Release|Android.Build.0 = Release|Any CPU
		{F4D6DBA8-0C7F-461E-9BE4-6A4E803424AC}.Release|Any CPU.ActiveCfg = Release|Any CPU
		{F4D6DBA8-0C7F-461E-9BE4-6A4E803424AC}.Release|Any CPU.Build.0 = Release|Any CPU
		{F4D6DBA8-0C7F-461E-9BE4-6A4E803424AC}.Release|ARM.ActiveCfg = Release|Any CPU
		{F4D6DBA8-0C7F-461E-9BE4-6A4E803424AC}.Release|ARM.Build.0 = Release|Any CPU
		{F4D6DBA8-0C7F-461E-9BE4-6A4E803424AC}.Release|iOS.ActiveCfg = Release|Any CPU
		{F4D6DBA8-0C7F-461E-9BE4-6A4E803424AC}.Release|iOS.Build.0 = Release|Any CPU
		{F4D6DBA8-0C7F-461E-9BE4-6A4E803424AC}.Release|iPhone.ActiveCfg = Release|Any CPU
		{F4D6DBA8-0C7F-461E-9BE4-6A4E803424AC}.Release|iPhone.Build.0 = Release|Any CPU
		{F4D6DBA8-0C7F-461E-9BE4-6A4E803424AC}.Release|iPhoneSimulator.ActiveCfg = Release|Any CPU
		{F4D6DBA8-0C7F-461E-9BE4-6A4E803424AC}.Release|iPhoneSimulator.Build.0 = Release|Any CPU
		{F4D6DBA8-0C7F-461E-9BE4-6A4E803424AC}.Release|Windows-ARM.ActiveCfg = Release|Any CPU
		{F4D6DBA8-0C7F-461E-9BE4-6A4E803424AC}.Release|Windows-ARM.Build.0 = Release|Any CPU
		{F4D6DBA8-0C7F-461E-9BE4-6A4E803424AC}.Release|Windows-x64.ActiveCfg = Release|Any CPU
		{F4D6DBA8-0C7F-461E-9BE4-6A4E803424AC}.Release|Windows-x64.Build.0 = Release|Any CPU
		{F4D6DBA8-0C7F-461E-9BE4-6A4E803424AC}.Release|Windows-x86.ActiveCfg = Release|Any CPU
		{F4D6DBA8-0C7F-461E-9BE4-6A4E803424AC}.Release|Windows-x86.Build.0 = Release|Any CPU
		{F4D6DBA8-0C7F-461E-9BE4-6A4E803424AC}.Release|x64.ActiveCfg = Release|Any CPU
		{F4D6DBA8-0C7F-461E-9BE4-6A4E803424AC}.Release|x64.Build.0 = Release|Any CPU
		{F4D6DBA8-0C7F-461E-9BE4-6A4E803424AC}.Release|x86.ActiveCfg = Release|Any CPU
		{F4D6DBA8-0C7F-461E-9BE4-6A4E803424AC}.Release|x86.Build.0 = Release|Any CPU
		{15BA23C7-6434-4712-A6A9-4B2E0701A266}.Ad-Hoc|Android.ActiveCfg = Release|Any CPU
		{15BA23C7-6434-4712-A6A9-4B2E0701A266}.Ad-Hoc|Android.Build.0 = Release|Any CPU
		{15BA23C7-6434-4712-A6A9-4B2E0701A266}.Ad-Hoc|Any CPU.ActiveCfg = Release|Any CPU
		{15BA23C7-6434-4712-A6A9-4B2E0701A266}.Ad-Hoc|Any CPU.Build.0 = Release|Any CPU
		{15BA23C7-6434-4712-A6A9-4B2E0701A266}.Ad-Hoc|ARM.ActiveCfg = Release|Any CPU
		{15BA23C7-6434-4712-A6A9-4B2E0701A266}.Ad-Hoc|ARM.Build.0 = Release|Any CPU
		{15BA23C7-6434-4712-A6A9-4B2E0701A266}.Ad-Hoc|iOS.ActiveCfg = Release|Any CPU
		{15BA23C7-6434-4712-A6A9-4B2E0701A266}.Ad-Hoc|iOS.Build.0 = Release|Any CPU
		{15BA23C7-6434-4712-A6A9-4B2E0701A266}.Ad-Hoc|iPhone.ActiveCfg = Release|Any CPU
		{15BA23C7-6434-4712-A6A9-4B2E0701A266}.Ad-Hoc|iPhone.Build.0 = Release|Any CPU
		{15BA23C7-6434-4712-A6A9-4B2E0701A266}.Ad-Hoc|iPhoneSimulator.ActiveCfg = Release|Any CPU
		{15BA23C7-6434-4712-A6A9-4B2E0701A266}.Ad-Hoc|iPhoneSimulator.Build.0 = Release|Any CPU
		{15BA23C7-6434-4712-A6A9-4B2E0701A266}.Ad-Hoc|Windows-ARM.ActiveCfg = Release|Any CPU
		{15BA23C7-6434-4712-A6A9-4B2E0701A266}.Ad-Hoc|Windows-ARM.Build.0 = Release|Any CPU
		{15BA23C7-6434-4712-A6A9-4B2E0701A266}.Ad-Hoc|Windows-x64.ActiveCfg = Release|Any CPU
		{15BA23C7-6434-4712-A6A9-4B2E0701A266}.Ad-Hoc|Windows-x64.Build.0 = Release|Any CPU
		{15BA23C7-6434-4712-A6A9-4B2E0701A266}.Ad-Hoc|Windows-x86.ActiveCfg = Release|Any CPU
		{15BA23C7-6434-4712-A6A9-4B2E0701A266}.Ad-Hoc|Windows-x86.Build.0 = Release|Any CPU
		{15BA23C7-6434-4712-A6A9-4B2E0701A266}.Ad-Hoc|x64.ActiveCfg = Release|Any CPU
		{15BA23C7-6434-4712-A6A9-4B2E0701A266}.Ad-Hoc|x64.Build.0 = Release|Any CPU
		{15BA23C7-6434-4712-A6A9-4B2E0701A266}.Ad-Hoc|x86.ActiveCfg = Release|Any CPU
		{15BA23C7-6434-4712-A6A9-4B2E0701A266}.Ad-Hoc|x86.Build.0 = Release|Any CPU
		{15BA23C7-6434-4712-A6A9-4B2E0701A266}.AppStore|Android.ActiveCfg = Release|Any CPU
		{15BA23C7-6434-4712-A6A9-4B2E0701A266}.AppStore|Android.Build.0 = Release|Any CPU
		{15BA23C7-6434-4712-A6A9-4B2E0701A266}.AppStore|Any CPU.ActiveCfg = Release|Any CPU
		{15BA23C7-6434-4712-A6A9-4B2E0701A266}.AppStore|Any CPU.Build.0 = Release|Any CPU
		{15BA23C7-6434-4712-A6A9-4B2E0701A266}.AppStore|ARM.ActiveCfg = Release|Any CPU
		{15BA23C7-6434-4712-A6A9-4B2E0701A266}.AppStore|ARM.Build.0 = Release|Any CPU
		{15BA23C7-6434-4712-A6A9-4B2E0701A266}.AppStore|iOS.ActiveCfg = Release|Any CPU
		{15BA23C7-6434-4712-A6A9-4B2E0701A266}.AppStore|iOS.Build.0 = Release|Any CPU
		{15BA23C7-6434-4712-A6A9-4B2E0701A266}.AppStore|iPhone.ActiveCfg = Release|Any CPU
		{15BA23C7-6434-4712-A6A9-4B2E0701A266}.AppStore|iPhone.Build.0 = Release|Any CPU
		{15BA23C7-6434-4712-A6A9-4B2E0701A266}.AppStore|iPhoneSimulator.ActiveCfg = Release|Any CPU
		{15BA23C7-6434-4712-A6A9-4B2E0701A266}.AppStore|iPhoneSimulator.Build.0 = Release|Any CPU
		{15BA23C7-6434-4712-A6A9-4B2E0701A266}.AppStore|Windows-ARM.ActiveCfg = Release|Any CPU
		{15BA23C7-6434-4712-A6A9-4B2E0701A266}.AppStore|Windows-ARM.Build.0 = Release|Any CPU
		{15BA23C7-6434-4712-A6A9-4B2E0701A266}.AppStore|Windows-x64.ActiveCfg = Release|Any CPU
		{15BA23C7-6434-4712-A6A9-4B2E0701A266}.AppStore|Windows-x64.Build.0 = Release|Any CPU
		{15BA23C7-6434-4712-A6A9-4B2E0701A266}.AppStore|Windows-x86.ActiveCfg = Release|Any CPU
		{15BA23C7-6434-4712-A6A9-4B2E0701A266}.AppStore|Windows-x86.Build.0 = Release|Any CPU
		{15BA23C7-6434-4712-A6A9-4B2E0701A266}.AppStore|x64.ActiveCfg = Release|Any CPU
		{15BA23C7-6434-4712-A6A9-4B2E0701A266}.AppStore|x64.Build.0 = Release|Any CPU
		{15BA23C7-6434-4712-A6A9-4B2E0701A266}.AppStore|x86.ActiveCfg = Release|Any CPU
		{15BA23C7-6434-4712-A6A9-4B2E0701A266}.AppStore|x86.Build.0 = Release|Any CPU
		{15BA23C7-6434-4712-A6A9-4B2E0701A266}.Debug|Android.ActiveCfg = Debug|Any CPU
		{15BA23C7-6434-4712-A6A9-4B2E0701A266}.Debug|Android.Build.0 = Debug|Any CPU
		{15BA23C7-6434-4712-A6A9-4B2E0701A266}.Debug|Any CPU.ActiveCfg = Debug|Any CPU
		{15BA23C7-6434-4712-A6A9-4B2E0701A266}.Debug|Any CPU.Build.0 = Debug|Any CPU
		{15BA23C7-6434-4712-A6A9-4B2E0701A266}.Debug|ARM.ActiveCfg = Debug|Any CPU
		{15BA23C7-6434-4712-A6A9-4B2E0701A266}.Debug|ARM.Build.0 = Debug|Any CPU
		{15BA23C7-6434-4712-A6A9-4B2E0701A266}.Debug|iOS.ActiveCfg = Debug|Any CPU
		{15BA23C7-6434-4712-A6A9-4B2E0701A266}.Debug|iOS.Build.0 = Debug|Any CPU
		{15BA23C7-6434-4712-A6A9-4B2E0701A266}.Debug|iPhone.ActiveCfg = Debug|Any CPU
		{15BA23C7-6434-4712-A6A9-4B2E0701A266}.Debug|iPhone.Build.0 = Debug|Any CPU
		{15BA23C7-6434-4712-A6A9-4B2E0701A266}.Debug|iPhoneSimulator.ActiveCfg = Debug|Any CPU
		{15BA23C7-6434-4712-A6A9-4B2E0701A266}.Debug|iPhoneSimulator.Build.0 = Debug|Any CPU
		{15BA23C7-6434-4712-A6A9-4B2E0701A266}.Debug|Windows-ARM.ActiveCfg = Debug|Any CPU
		{15BA23C7-6434-4712-A6A9-4B2E0701A266}.Debug|Windows-ARM.Build.0 = Debug|Any CPU
		{15BA23C7-6434-4712-A6A9-4B2E0701A266}.Debug|Windows-x64.ActiveCfg = Debug|Any CPU
		{15BA23C7-6434-4712-A6A9-4B2E0701A266}.Debug|Windows-x64.Build.0 = Debug|Any CPU
		{15BA23C7-6434-4712-A6A9-4B2E0701A266}.Debug|Windows-x86.ActiveCfg = Debug|Any CPU
		{15BA23C7-6434-4712-A6A9-4B2E0701A266}.Debug|Windows-x86.Build.0 = Debug|Any CPU
		{15BA23C7-6434-4712-A6A9-4B2E0701A266}.Debug|x64.ActiveCfg = Debug|Any CPU
		{15BA23C7-6434-4712-A6A9-4B2E0701A266}.Debug|x64.Build.0 = Debug|Any CPU
		{15BA23C7-6434-4712-A6A9-4B2E0701A266}.Debug|x86.ActiveCfg = Debug|Any CPU
		{15BA23C7-6434-4712-A6A9-4B2E0701A266}.Debug|x86.Build.0 = Debug|Any CPU
		{15BA23C7-6434-4712-A6A9-4B2E0701A266}.Release|Android.ActiveCfg = Release|Any CPU
		{15BA23C7-6434-4712-A6A9-4B2E0701A266}.Release|Android.Build.0 = Release|Any CPU
		{15BA23C7-6434-4712-A6A9-4B2E0701A266}.Release|Any CPU.ActiveCfg = Release|Any CPU
		{15BA23C7-6434-4712-A6A9-4B2E0701A266}.Release|Any CPU.Build.0 = Release|Any CPU
		{15BA23C7-6434-4712-A6A9-4B2E0701A266}.Release|ARM.ActiveCfg = Release|Any CPU
		{15BA23C7-6434-4712-A6A9-4B2E0701A266}.Release|ARM.Build.0 = Release|Any CPU
		{15BA23C7-6434-4712-A6A9-4B2E0701A266}.Release|iOS.ActiveCfg = Release|Any CPU
		{15BA23C7-6434-4712-A6A9-4B2E0701A266}.Release|iOS.Build.0 = Release|Any CPU
		{15BA23C7-6434-4712-A6A9-4B2E0701A266}.Release|iPhone.ActiveCfg = Release|Any CPU
		{15BA23C7-6434-4712-A6A9-4B2E0701A266}.Release|iPhone.Build.0 = Release|Any CPU
		{15BA23C7-6434-4712-A6A9-4B2E0701A266}.Release|iPhoneSimulator.ActiveCfg = Release|Any CPU
		{15BA23C7-6434-4712-A6A9-4B2E0701A266}.Release|iPhoneSimulator.Build.0 = Release|Any CPU
		{15BA23C7-6434-4712-A6A9-4B2E0701A266}.Release|Windows-ARM.ActiveCfg = Release|Any CPU
		{15BA23C7-6434-4712-A6A9-4B2E0701A266}.Release|Windows-ARM.Build.0 = Release|Any CPU
		{15BA23C7-6434-4712-A6A9-4B2E0701A266}.Release|Windows-x64.ActiveCfg = Release|Any CPU
		{15BA23C7-6434-4712-A6A9-4B2E0701A266}.Release|Windows-x64.Build.0 = Release|Any CPU
		{15BA23C7-6434-4712-A6A9-4B2E0701A266}.Release|Windows-x86.ActiveCfg = Release|Any CPU
		{15BA23C7-6434-4712-A6A9-4B2E0701A266}.Release|Windows-x86.Build.0 = Release|Any CPU
		{15BA23C7-6434-4712-A6A9-4B2E0701A266}.Release|x64.ActiveCfg = Release|Any CPU
		{15BA23C7-6434-4712-A6A9-4B2E0701A266}.Release|x64.Build.0 = Release|Any CPU
		{15BA23C7-6434-4712-A6A9-4B2E0701A266}.Release|x86.ActiveCfg = Release|Any CPU
		{15BA23C7-6434-4712-A6A9-4B2E0701A266}.Release|x86.Build.0 = Release|Any CPU
	EndGlobalSection
	GlobalSection(SolutionProperties) = preSolution
		HideSolutionNode = FALSE
	EndGlobalSection
	GlobalSection(ExtensibilityGlobals) = postSolution
		SolutionGuid = {F1E7EE88-4007-4E9C-BFAB-62E17D041D2E}
	EndGlobalSection
EndGlobal
