
Microsoft Visual Studio Solution File, Format Version 12.00
# Visual Studio 15
VisualStudioVersion = 15.0.27703.2035
MinimumVisualStudioVersion = 10.0.40219.1
Project("{9A19103F-16F7-4668-BE54-9A1E7A4F7556}") = "DerbyJson", "DerbyJson\DerbyJson.csproj", "{191AE099-7D99-4635-859D-052D0EE31450}"
EndProject
Project("{9A19103F-16F7-4668-BE54-9A1E7A4F7556}") = "DerbyJson.Tests", "DerbyJson.Tests\DerbyJson.Tests.csproj", "{E41318DE-B23C-4081-97CB-B8F9BC1C53D3}"
EndProject
Project("{9A19103F-16F7-4668-BE54-9A1E7A4F7556}") = "DerbyTracker.Common", "DerbyTracker.Common\DerbyTracker.Common.csproj", "{3E74102F-F0D5-4097-A3C6-5D76E7024857}"
EndProject
Project("{9A19103F-16F7-4668-BE54-9A1E7A4F7556}") = "DerbyTracker.Master", "DerbyTracker.Master\DerbyTracker.Master.csproj", "{35031F69-483C-47DC-8752-EAD62556B22C}"
EndProject
Project("{262852C6-CD72-467D-83FE-5EEB1973A190}") = "DerbyTracker.Node", "DerbyTracker.Node\DerbyTracker.Node.jsproj", "{7EE4678A-3D7B-4301-B10D-21AB1B0A4454}"
EndProject
Project("{9A19103F-16F7-4668-BE54-9A1E7A4F7556}") = "DerbyTracker.Master.Tests", "DerbyTracker.Master.Tests\DerbyTracker.Master.Tests.csproj", "{43FACF9C-03F7-4A28-8930-BBB27D959447}"
EndProject
Project("{9A19103F-16F7-4668-BE54-9A1E7A4F7556}") = "DerbyTracker.Common.Tests", "DerbyTracker.Common.Tests\DerbyTracker.Common.Tests.csproj", "{F4D6DBA8-0C7F-461E-9BE4-6A4E803424AC}"
EndProject
Project("{FAE04EC0-301F-11D3-BF4B-00C04F79EFBC}") = "DerbyTracker.Messaging", "DerbyTracker.Messaging\DerbyTracker.Messaging.csproj", "{15BA23C7-6434-4712-A6A9-4B2E0701A266}"
EndProject
Global
	GlobalSection(SolutionConfigurationPlatforms) = preSolution
		Debug|Android = Debug|Android
		Debug|Any CPU = Debug|Any CPU
		Debug|iOS = Debug|iOS
		Debug|Windows-ARM = Debug|Windows-ARM
		Debug|Windows-x64 = Debug|Windows-x64
		Debug|Windows-x86 = Debug|Windows-x86
		Release|Android = Release|Android
		Release|Any CPU = Release|Any CPU
		Release|iOS = Release|iOS
		Release|Windows-ARM = Release|Windows-ARM
		Release|Windows-x64 = Release|Windows-x64
		Release|Windows-x86 = Release|Windows-x86
	EndGlobalSection
	GlobalSection(ProjectConfigurationPlatforms) = postSolution
		{191AE099-7D99-4635-859D-052D0EE31450}.Debug|Android.ActiveCfg = Debug|Any CPU
		{191AE099-7D99-4635-859D-052D0EE31450}.Debug|Android.Build.0 = Debug|Any CPU
		{191AE099-7D99-4635-859D-052D0EE31450}.Debug|Any CPU.ActiveCfg = Debug|Any CPU
		{191AE099-7D99-4635-859D-052D0EE31450}.Debug|Any CPU.Build.0 = Debug|Any CPU
		{191AE099-7D99-4635-859D-052D0EE31450}.Debug|iOS.ActiveCfg = Debug|Any CPU
		{191AE099-7D99-4635-859D-052D0EE31450}.Debug|iOS.Build.0 = Debug|Any CPU
		{191AE099-7D99-4635-859D-052D0EE31450}.Debug|Windows-ARM.ActiveCfg = Debug|Any CPU
		{191AE099-7D99-4635-859D-052D0EE31450}.Debug|Windows-ARM.Build.0 = Debug|Any CPU
		{191AE099-7D99-4635-859D-052D0EE31450}.Debug|Windows-x64.ActiveCfg = Debug|Any CPU
		{191AE099-7D99-4635-859D-052D0EE31450}.Debug|Windows-x64.Build.0 = Debug|Any CPU
		{191AE099-7D99-4635-859D-052D0EE31450}.Debug|Windows-x86.ActiveCfg = Debug|Any CPU
		{191AE099-7D99-4635-859D-052D0EE31450}.Debug|Windows-x86.Build.0 = Debug|Any CPU
		{191AE099-7D99-4635-859D-052D0EE31450}.Release|Android.ActiveCfg = Release|Any CPU
		{191AE099-7D99-4635-859D-052D0EE31450}.Release|Android.Build.0 = Release|Any CPU
		{191AE099-7D99-4635-859D-052D0EE31450}.Release|Any CPU.ActiveCfg = Release|Any CPU
		{191AE099-7D99-4635-859D-052D0EE31450}.Release|Any CPU.Build.0 = Release|Any CPU
		{191AE099-7D99-4635-859D-052D0EE31450}.Release|iOS.ActiveCfg = Release|Any CPU
		{191AE099-7D99-4635-859D-052D0EE31450}.Release|iOS.Build.0 = Release|Any CPU
		{191AE099-7D99-4635-859D-052D0EE31450}.Release|Windows-ARM.ActiveCfg = Release|Any CPU
		{191AE099-7D99-4635-859D-052D0EE31450}.Release|Windows-ARM.Build.0 = Release|Any CPU
		{191AE099-7D99-4635-859D-052D0EE31450}.Release|Windows-x64.ActiveCfg = Release|Any CPU
		{191AE099-7D99-4635-859D-052D0EE31450}.Release|Windows-x64.Build.0 = Release|Any CPU
		{191AE099-7D99-4635-859D-052D0EE31450}.Release|Windows-x86.ActiveCfg = Release|Any CPU
		{191AE099-7D99-4635-859D-052D0EE31450}.Release|Windows-x86.Build.0 = Release|Any CPU
		{E41318DE-B23C-4081-97CB-B8F9BC1C53D3}.Debug|Android.ActiveCfg = Debug|Any CPU
		{E41318DE-B23C-4081-97CB-B8F9BC1C53D3}.Debug|Android.Build.0 = Debug|Any CPU
		{E41318DE-B23C-4081-97CB-B8F9BC1C53D3}.Debug|Any CPU.ActiveCfg = Debug|Any CPU
		{E41318DE-B23C-4081-97CB-B8F9BC1C53D3}.Debug|Any CPU.Build.0 = Debug|Any CPU
		{E41318DE-B23C-4081-97CB-B8F9BC1C53D3}.Debug|iOS.ActiveCfg = Debug|Any CPU
		{E41318DE-B23C-4081-97CB-B8F9BC1C53D3}.Debug|iOS.Build.0 = Debug|Any CPU
		{E41318DE-B23C-4081-97CB-B8F9BC1C53D3}.Debug|Windows-ARM.ActiveCfg = Debug|Any CPU
		{E41318DE-B23C-4081-97CB-B8F9BC1C53D3}.Debug|Windows-ARM.Build.0 = Debug|Any CPU
		{E41318DE-B23C-4081-97CB-B8F9BC1C53D3}.Debug|Windows-x64.ActiveCfg = Debug|Any CPU
		{E41318DE-B23C-4081-97CB-B8F9BC1C53D3}.Debug|Windows-x64.Build.0 = Debug|Any CPU
		{E41318DE-B23C-4081-97CB-B8F9BC1C53D3}.Debug|Windows-x86.ActiveCfg = Debug|Any CPU
		{E41318DE-B23C-4081-97CB-B8F9BC1C53D3}.Debug|Windows-x86.Build.0 = Debug|Any CPU
		{E41318DE-B23C-4081-97CB-B8F9BC1C53D3}.Release|Android.ActiveCfg = Release|Any CPU
		{E41318DE-B23C-4081-97CB-B8F9BC1C53D3}.Release|Android.Build.0 = Release|Any CPU
		{E41318DE-B23C-4081-97CB-B8F9BC1C53D3}.Release|Any CPU.ActiveCfg = Release|Any CPU
		{E41318DE-B23C-4081-97CB-B8F9BC1C53D3}.Release|Any CPU.Build.0 = Release|Any CPU
		{E41318DE-B23C-4081-97CB-B8F9BC1C53D3}.Release|iOS.ActiveCfg = Release|Any CPU
		{E41318DE-B23C-4081-97CB-B8F9BC1C53D3}.Release|iOS.Build.0 = Release|Any CPU
		{E41318DE-B23C-4081-97CB-B8F9BC1C53D3}.Release|Windows-ARM.ActiveCfg = Release|Any CPU
		{E41318DE-B23C-4081-97CB-B8F9BC1C53D3}.Release|Windows-ARM.Build.0 = Release|Any CPU
		{E41318DE-B23C-4081-97CB-B8F9BC1C53D3}.Release|Windows-x64.ActiveCfg = Release|Any CPU
		{E41318DE-B23C-4081-97CB-B8F9BC1C53D3}.Release|Windows-x64.Build.0 = Release|Any CPU
		{E41318DE-B23C-4081-97CB-B8F9BC1C53D3}.Release|Windows-x86.ActiveCfg = Release|Any CPU
		{E41318DE-B23C-4081-97CB-B8F9BC1C53D3}.Release|Windows-x86.Build.0 = Release|Any CPU
		{3E74102F-F0D5-4097-A3C6-5D76E7024857}.Debug|Android.ActiveCfg = Debug|Any CPU
		{3E74102F-F0D5-4097-A3C6-5D76E7024857}.Debug|Android.Build.0 = Debug|Any CPU
		{3E74102F-F0D5-4097-A3C6-5D76E7024857}.Debug|Any CPU.ActiveCfg = Debug|Any CPU
		{3E74102F-F0D5-4097-A3C6-5D76E7024857}.Debug|Any CPU.Build.0 = Debug|Any CPU
		{3E74102F-F0D5-4097-A3C6-5D76E7024857}.Debug|iOS.ActiveCfg = Debug|Any CPU
		{3E74102F-F0D5-4097-A3C6-5D76E7024857}.Debug|iOS.Build.0 = Debug|Any CPU
		{3E74102F-F0D5-4097-A3C6-5D76E7024857}.Debug|Windows-ARM.ActiveCfg = Debug|Any CPU
		{3E74102F-F0D5-4097-A3C6-5D76E7024857}.Debug|Windows-ARM.Build.0 = Debug|Any CPU
		{3E74102F-F0D5-4097-A3C6-5D76E7024857}.Debug|Windows-x64.ActiveCfg = Debug|Any CPU
		{3E74102F-F0D5-4097-A3C6-5D76E7024857}.Debug|Windows-x64.Build.0 = Debug|Any CPU
		{3E74102F-F0D5-4097-A3C6-5D76E7024857}.Debug|Windows-x86.ActiveCfg = Debug|Any CPU
		{3E74102F-F0D5-4097-A3C6-5D76E7024857}.Debug|Windows-x86.Build.0 = Debug|Any CPU
		{3E74102F-F0D5-4097-A3C6-5D76E7024857}.Release|Android.ActiveCfg = Release|Any CPU
		{3E74102F-F0D5-4097-A3C6-5D76E7024857}.Release|Android.Build.0 = Release|Any CPU
		{3E74102F-F0D5-4097-A3C6-5D76E7024857}.Release|Any CPU.ActiveCfg = Release|Any CPU
		{3E74102F-F0D5-4097-A3C6-5D76E7024857}.Release|Any CPU.Build.0 = Release|Any CPU
		{3E74102F-F0D5-4097-A3C6-5D76E7024857}.Release|iOS.ActiveCfg = Release|Any CPU
		{3E74102F-F0D5-4097-A3C6-5D76E7024857}.Release|iOS.Build.0 = Release|Any CPU
		{3E74102F-F0D5-4097-A3C6-5D76E7024857}.Release|Windows-ARM.ActiveCfg = Release|Any CPU
		{3E74102F-F0D5-4097-A3C6-5D76E7024857}.Release|Windows-ARM.Build.0 = Release|Any CPU
		{3E74102F-F0D5-4097-A3C6-5D76E7024857}.Release|Windows-x64.ActiveCfg = Release|Any CPU
		{3E74102F-F0D5-4097-A3C6-5D76E7024857}.Release|Windows-x64.Build.0 = Release|Any CPU
		{3E74102F-F0D5-4097-A3C6-5D76E7024857}.Release|Windows-x86.ActiveCfg = Release|Any CPU
		{3E74102F-F0D5-4097-A3C6-5D76E7024857}.Release|Windows-x86.Build.0 = Release|Any CPU
		{35031F69-483C-47DC-8752-EAD62556B22C}.Debug|Android.ActiveCfg = Debug|Any CPU
		{35031F69-483C-47DC-8752-EAD62556B22C}.Debug|Android.Build.0 = Debug|Any CPU
		{35031F69-483C-47DC-8752-EAD62556B22C}.Debug|Any CPU.ActiveCfg = Debug|Any CPU
		{35031F69-483C-47DC-8752-EAD62556B22C}.Debug|Any CPU.Build.0 = Debug|Any CPU
		{35031F69-483C-47DC-8752-EAD62556B22C}.Debug|iOS.ActiveCfg = Debug|Any CPU
		{35031F69-483C-47DC-8752-EAD62556B22C}.Debug|iOS.Build.0 = Debug|Any CPU
		{35031F69-483C-47DC-8752-EAD62556B22C}.Debug|Windows-ARM.ActiveCfg = Debug|Any CPU
		{35031F69-483C-47DC-8752-EAD62556B22C}.Debug|Windows-ARM.Build.0 = Debug|Any CPU
		{35031F69-483C-47DC-8752-EAD62556B22C}.Debug|Windows-x64.ActiveCfg = Debug|Any CPU
		{35031F69-483C-47DC-8752-EAD62556B22C}.Debug|Windows-x64.Build.0 = Debug|Any CPU
		{35031F69-483C-47DC-8752-EAD62556B22C}.Debug|Windows-x86.ActiveCfg = Debug|Any CPU
		{35031F69-483C-47DC-8752-EAD62556B22C}.Debug|Windows-x86.Build.0 = Debug|Any CPU
		{35031F69-483C-47DC-8752-EAD62556B22C}.Release|Android.ActiveCfg = Release|Any CPU
		{35031F69-483C-47DC-8752-EAD62556B22C}.Release|Android.Build.0 = Release|Any CPU
		{35031F69-483C-47DC-8752-EAD62556B22C}.Release|Any CPU.ActiveCfg = Release|Any CPU
		{35031F69-483C-47DC-8752-EAD62556B22C}.Release|Any CPU.Build.0 = Release|Any CPU
		{35031F69-483C-47DC-8752-EAD62556B22C}.Release|iOS.ActiveCfg = Release|Any CPU
		{35031F69-483C-47DC-8752-EAD62556B22C}.Release|iOS.Build.0 = Release|Any CPU
		{35031F69-483C-47DC-8752-EAD62556B22C}.Release|Windows-ARM.ActiveCfg = Release|Any CPU
		{35031F69-483C-47DC-8752-EAD62556B22C}.Release|Windows-ARM.Build.0 = Release|Any CPU
		{35031F69-483C-47DC-8752-EAD62556B22C}.Release|Windows-x64.ActiveCfg = Release|Any CPU
		{35031F69-483C-47DC-8752-EAD62556B22C}.Release|Windows-x64.Build.0 = Release|Any CPU
		{35031F69-483C-47DC-8752-EAD62556B22C}.Release|Windows-x86.ActiveCfg = Release|Any CPU
		{35031F69-483C-47DC-8752-EAD62556B22C}.Release|Windows-x86.Build.0 = Release|Any CPU
		{7EE4678A-3D7B-4301-B10D-21AB1B0A4454}.Debug|Android.ActiveCfg = Debug|Android
		{7EE4678A-3D7B-4301-B10D-21AB1B0A4454}.Debug|Android.Build.0 = Debug|Android
		{7EE4678A-3D7B-4301-B10D-21AB1B0A4454}.Debug|Android.Deploy.0 = Debug|Android
		{7EE4678A-3D7B-4301-B10D-21AB1B0A4454}.Debug|Any CPU.ActiveCfg = Debug|Android
		{7EE4678A-3D7B-4301-B10D-21AB1B0A4454}.Debug|iOS.ActiveCfg = Debug|iOS
		{7EE4678A-3D7B-4301-B10D-21AB1B0A4454}.Debug|iOS.Build.0 = Debug|iOS
		{7EE4678A-3D7B-4301-B10D-21AB1B0A4454}.Debug|iOS.Deploy.0 = Debug|iOS
		{7EE4678A-3D7B-4301-B10D-21AB1B0A4454}.Debug|Windows-ARM.ActiveCfg = Debug|Windows-ARM
		{7EE4678A-3D7B-4301-B10D-21AB1B0A4454}.Debug|Windows-ARM.Build.0 = Debug|Windows-ARM
		{7EE4678A-3D7B-4301-B10D-21AB1B0A4454}.Debug|Windows-ARM.Deploy.0 = Debug|Windows-ARM
		{7EE4678A-3D7B-4301-B10D-21AB1B0A4454}.Debug|Windows-x64.ActiveCfg = Debug|Windows-x64
		{7EE4678A-3D7B-4301-B10D-21AB1B0A4454}.Debug|Windows-x64.Build.0 = Debug|Windows-x64
		{7EE4678A-3D7B-4301-B10D-21AB1B0A4454}.Debug|Windows-x64.Deploy.0 = Debug|Windows-x64
		{7EE4678A-3D7B-4301-B10D-21AB1B0A4454}.Debug|Windows-x86.ActiveCfg = Debug|Windows-x86
		{7EE4678A-3D7B-4301-B10D-21AB1B0A4454}.Debug|Windows-x86.Build.0 = Debug|Windows-x86
		{7EE4678A-3D7B-4301-B10D-21AB1B0A4454}.Debug|Windows-x86.Deploy.0 = Debug|Windows-x86
		{7EE4678A-3D7B-4301-B10D-21AB1B0A4454}.Release|Android.ActiveCfg = Release|Android
		{7EE4678A-3D7B-4301-B10D-21AB1B0A4454}.Release|Android.Build.0 = Release|Android
		{7EE4678A-3D7B-4301-B10D-21AB1B0A4454}.Release|Android.Deploy.0 = Release|Android
		{7EE4678A-3D7B-4301-B10D-21AB1B0A4454}.Release|Any CPU.ActiveCfg = Release|Android
		{7EE4678A-3D7B-4301-B10D-21AB1B0A4454}.Release|iOS.ActiveCfg = Release|iOS
		{7EE4678A-3D7B-4301-B10D-21AB1B0A4454}.Release|iOS.Build.0 = Release|iOS
		{7EE4678A-3D7B-4301-B10D-21AB1B0A4454}.Release|iOS.Deploy.0 = Release|iOS
		{7EE4678A-3D7B-4301-B10D-21AB1B0A4454}.Release|Windows-ARM.ActiveCfg = Release|Windows-ARM
		{7EE4678A-3D7B-4301-B10D-21AB1B0A4454}.Release|Windows-ARM.Build.0 = Release|Windows-ARM
		{7EE4678A-3D7B-4301-B10D-21AB1B0A4454}.Release|Windows-ARM.Deploy.0 = Release|Windows-ARM
		{7EE4678A-3D7B-4301-B10D-21AB1B0A4454}.Release|Windows-x64.ActiveCfg = Release|Windows-x64
		{7EE4678A-3D7B-4301-B10D-21AB1B0A4454}.Release|Windows-x64.Build.0 = Release|Windows-x64
		{7EE4678A-3D7B-4301-B10D-21AB1B0A4454}.Release|Windows-x64.Deploy.0 = Release|Windows-x64
		{7EE4678A-3D7B-4301-B10D-21AB1B0A4454}.Release|Windows-x86.ActiveCfg = Release|Windows-x86
		{7EE4678A-3D7B-4301-B10D-21AB1B0A4454}.Release|Windows-x86.Build.0 = Release|Windows-x86
		{7EE4678A-3D7B-4301-B10D-21AB1B0A4454}.Release|Windows-x86.Deploy.0 = Release|Windows-x86
		{43FACF9C-03F7-4A28-8930-BBB27D959447}.Debug|Android.ActiveCfg = Debug|Any CPU
		{43FACF9C-03F7-4A28-8930-BBB27D959447}.Debug|Android.Build.0 = Debug|Any CPU
		{43FACF9C-03F7-4A28-8930-BBB27D959447}.Debug|Any CPU.ActiveCfg = Debug|Any CPU
		{43FACF9C-03F7-4A28-8930-BBB27D959447}.Debug|Any CPU.Build.0 = Debug|Any CPU
		{43FACF9C-03F7-4A28-8930-BBB27D959447}.Debug|iOS.ActiveCfg = Debug|Any CPU
		{43FACF9C-03F7-4A28-8930-BBB27D959447}.Debug|iOS.Build.0 = Debug|Any CPU
		{43FACF9C-03F7-4A28-8930-BBB27D959447}.Debug|Windows-ARM.ActiveCfg = Debug|Any CPU
		{43FACF9C-03F7-4A28-8930-BBB27D959447}.Debug|Windows-ARM.Build.0 = Debug|Any CPU
		{43FACF9C-03F7-4A28-8930-BBB27D959447}.Debug|Windows-x64.ActiveCfg = Debug|Any CPU
		{43FACF9C-03F7-4A28-8930-BBB27D959447}.Debug|Windows-x64.Build.0 = Debug|Any CPU
		{43FACF9C-03F7-4A28-8930-BBB27D959447}.Debug|Windows-x86.ActiveCfg = Debug|Any CPU
		{43FACF9C-03F7-4A28-8930-BBB27D959447}.Debug|Windows-x86.Build.0 = Debug|Any CPU
		{43FACF9C-03F7-4A28-8930-BBB27D959447}.Release|Android.ActiveCfg = Release|Any CPU
		{43FACF9C-03F7-4A28-8930-BBB27D959447}.Release|Android.Build.0 = Release|Any CPU
		{43FACF9C-03F7-4A28-8930-BBB27D959447}.Release|Any CPU.ActiveCfg = Release|Any CPU
		{43FACF9C-03F7-4A28-8930-BBB27D959447}.Release|Any CPU.Build.0 = Release|Any CPU
		{43FACF9C-03F7-4A28-8930-BBB27D959447}.Release|iOS.ActiveCfg = Release|Any CPU
		{43FACF9C-03F7-4A28-8930-BBB27D959447}.Release|iOS.Build.0 = Release|Any CPU
		{43FACF9C-03F7-4A28-8930-BBB27D959447}.Release|Windows-ARM.ActiveCfg = Release|Any CPU
		{43FACF9C-03F7-4A28-8930-BBB27D959447}.Release|Windows-ARM.Build.0 = Release|Any CPU
		{43FACF9C-03F7-4A28-8930-BBB27D959447}.Release|Windows-x64.ActiveCfg = Release|Any CPU
		{43FACF9C-03F7-4A28-8930-BBB27D959447}.Release|Windows-x64.Build.0 = Release|Any CPU
		{43FACF9C-03F7-4A28-8930-BBB27D959447}.Release|Windows-x86.ActiveCfg = Release|Any CPU
		{43FACF9C-03F7-4A28-8930-BBB27D959447}.Release|Windows-x86.Build.0 = Release|Any CPU
		{F4D6DBA8-0C7F-461E-9BE4-6A4E803424AC}.Debug|Android.ActiveCfg = Debug|Any CPU
		{F4D6DBA8-0C7F-461E-9BE4-6A4E803424AC}.Debug|Android.Build.0 = Debug|Any CPU
		{F4D6DBA8-0C7F-461E-9BE4-6A4E803424AC}.Debug|Any CPU.ActiveCfg = Debug|Any CPU
		{F4D6DBA8-0C7F-461E-9BE4-6A4E803424AC}.Debug|Any CPU.Build.0 = Debug|Any CPU
		{F4D6DBA8-0C7F-461E-9BE4-6A4E803424AC}.Debug|iOS.ActiveCfg = Debug|Any CPU
		{F4D6DBA8-0C7F-461E-9BE4-6A4E803424AC}.Debug|iOS.Build.0 = Debug|Any CPU
		{F4D6DBA8-0C7F-461E-9BE4-6A4E803424AC}.Debug|Windows-ARM.ActiveCfg = Debug|Any CPU
		{F4D6DBA8-0C7F-461E-9BE4-6A4E803424AC}.Debug|Windows-ARM.Build.0 = Debug|Any CPU
		{F4D6DBA8-0C7F-461E-9BE4-6A4E803424AC}.Debug|Windows-x64.ActiveCfg = Debug|Any CPU
		{F4D6DBA8-0C7F-461E-9BE4-6A4E803424AC}.Debug|Windows-x64.Build.0 = Debug|Any CPU
		{F4D6DBA8-0C7F-461E-9BE4-6A4E803424AC}.Debug|Windows-x86.ActiveCfg = Debug|Any CPU
		{F4D6DBA8-0C7F-461E-9BE4-6A4E803424AC}.Debug|Windows-x86.Build.0 = Debug|Any CPU
		{F4D6DBA8-0C7F-461E-9BE4-6A4E803424AC}.Release|Android.ActiveCfg = Release|Any CPU
		{F4D6DBA8-0C7F-461E-9BE4-6A4E803424AC}.Release|Android.Build.0 = Release|Any CPU
		{F4D6DBA8-0C7F-461E-9BE4-6A4E803424AC}.Release|Any CPU.ActiveCfg = Release|Any CPU
		{F4D6DBA8-0C7F-461E-9BE4-6A4E803424AC}.Release|Any CPU.Build.0 = Release|Any CPU
		{F4D6DBA8-0C7F-461E-9BE4-6A4E803424AC}.Release|iOS.ActiveCfg = Release|Any CPU
		{F4D6DBA8-0C7F-461E-9BE4-6A4E803424AC}.Release|iOS.Build.0 = Release|Any CPU
		{F4D6DBA8-0C7F-461E-9BE4-6A4E803424AC}.Release|Windows-ARM.ActiveCfg = Release|Any CPU
		{F4D6DBA8-0C7F-461E-9BE4-6A4E803424AC}.Release|Windows-ARM.Build.0 = Release|Any CPU
		{F4D6DBA8-0C7F-461E-9BE4-6A4E803424AC}.Release|Windows-x64.ActiveCfg = Release|Any CPU
		{F4D6DBA8-0C7F-461E-9BE4-6A4E803424AC}.Release|Windows-x64.Build.0 = Release|Any CPU
		{F4D6DBA8-0C7F-461E-9BE4-6A4E803424AC}.Release|Windows-x86.ActiveCfg = Release|Any CPU
		{F4D6DBA8-0C7F-461E-9BE4-6A4E803424AC}.Release|Windows-x86.Build.0 = Release|Any CPU
		{15BA23C7-6434-4712-A6A9-4B2E0701A266}.Debug|Android.ActiveCfg = Debug|Any CPU
		{15BA23C7-6434-4712-A6A9-4B2E0701A266}.Debug|Android.Build.0 = Debug|Any CPU
		{15BA23C7-6434-4712-A6A9-4B2E0701A266}.Debug|Any CPU.ActiveCfg = Debug|Any CPU
		{15BA23C7-6434-4712-A6A9-4B2E0701A266}.Debug|Any CPU.Build.0 = Debug|Any CPU
		{15BA23C7-6434-4712-A6A9-4B2E0701A266}.Debug|iOS.ActiveCfg = Debug|Any CPU
		{15BA23C7-6434-4712-A6A9-4B2E0701A266}.Debug|iOS.Build.0 = Debug|Any CPU
		{15BA23C7-6434-4712-A6A9-4B2E0701A266}.Debug|Windows-ARM.ActiveCfg = Debug|Any CPU
		{15BA23C7-6434-4712-A6A9-4B2E0701A266}.Debug|Windows-ARM.Build.0 = Debug|Any CPU
		{15BA23C7-6434-4712-A6A9-4B2E0701A266}.Debug|Windows-x64.ActiveCfg = Debug|Any CPU
		{15BA23C7-6434-4712-A6A9-4B2E0701A266}.Debug|Windows-x64.Build.0 = Debug|Any CPU
		{15BA23C7-6434-4712-A6A9-4B2E0701A266}.Debug|Windows-x86.ActiveCfg = Debug|Any CPU
		{15BA23C7-6434-4712-A6A9-4B2E0701A266}.Debug|Windows-x86.Build.0 = Debug|Any CPU
		{15BA23C7-6434-4712-A6A9-4B2E0701A266}.Release|Android.ActiveCfg = Release|Any CPU
		{15BA23C7-6434-4712-A6A9-4B2E0701A266}.Release|Android.Build.0 = Release|Any CPU
		{15BA23C7-6434-4712-A6A9-4B2E0701A266}.Release|Any CPU.ActiveCfg = Release|Any CPU
		{15BA23C7-6434-4712-A6A9-4B2E0701A266}.Release|Any CPU.Build.0 = Release|Any CPU
		{15BA23C7-6434-4712-A6A9-4B2E0701A266}.Release|iOS.ActiveCfg = Release|Any CPU
		{15BA23C7-6434-4712-A6A9-4B2E0701A266}.Release|iOS.Build.0 = Release|Any CPU
		{15BA23C7-6434-4712-A6A9-4B2E0701A266}.Release|Windows-ARM.ActiveCfg = Release|Any CPU
		{15BA23C7-6434-4712-A6A9-4B2E0701A266}.Release|Windows-ARM.Build.0 = Release|Any CPU
		{15BA23C7-6434-4712-A6A9-4B2E0701A266}.Release|Windows-x64.ActiveCfg = Release|Any CPU
		{15BA23C7-6434-4712-A6A9-4B2E0701A266}.Release|Windows-x64.Build.0 = Release|Any CPU
		{15BA23C7-6434-4712-A6A9-4B2E0701A266}.Release|Windows-x86.ActiveCfg = Release|Any CPU
		{15BA23C7-6434-4712-A6A9-4B2E0701A266}.Release|Windows-x86.Build.0 = Release|Any CPU
	EndGlobalSection
	GlobalSection(SolutionProperties) = preSolution
		HideSolutionNode = FALSE
	EndGlobalSection
	GlobalSection(ExtensibilityGlobals) = postSolution
		SolutionGuid = {F1E7EE88-4007-4E9C-BFAB-62E17D041D2E}
	EndGlobalSection
EndGlobal
